// !$*UTF8*$!
{
	archiveVersion = 1;
	classes = {
	};
	objectVersion = 52;
	objects = {

/* Begin PBXBuildFile section */
		88037F36267AA754004B06B5 /* AppDelegate.swift in Sources */ = {isa = PBXBuildFile; fileRef = 88037F35267AA754004B06B5 /* AppDelegate.swift */; };
		88037F38267AA754004B06B5 /* SceneDelegate.swift in Sources */ = {isa = PBXBuildFile; fileRef = 88037F37267AA754004B06B5 /* SceneDelegate.swift */; };
		88037F3A267AA754004B06B5 /* ViewController.swift in Sources */ = {isa = PBXBuildFile; fileRef = 88037F39267AA754004B06B5 /* ViewController.swift */; };
		88037F3F267AA755004B06B5 /* Assets.xcassets in Resources */ = {isa = PBXBuildFile; fileRef = 88037F3E267AA755004B06B5 /* Assets.xcassets */; };
		88037F42267AA755004B06B5 /* LaunchScreen.storyboard in Resources */ = {isa = PBXBuildFile; fileRef = 88037F40267AA755004B06B5 /* LaunchScreen.storyboard */; };
		88037F4B267AA7D2004B06B5 /* FirebaseInstallations in Frameworks */ = {isa = PBXBuildFile; productRef = 88037F4A267AA7D2004B06B5 /* FirebaseInstallations */; };
		88037F4D267AA7D2004B06B5 /* FirebaseDynamicLinks in Frameworks */ = {isa = PBXBuildFile; productRef = 88037F4C267AA7D2004B06B5 /* FirebaseDynamicLinks */; };
		88037F4F267AA7D2004B06B5 /* FirebaseFirestoreSwift-Beta in Frameworks */ = {isa = PBXBuildFile; productRef = 88037F4E267AA7D2004B06B5 /* FirebaseFirestoreSwift-Beta */; };
		88037F51267AA7D2004B06B5 /* FirebaseStorage in Frameworks */ = {isa = PBXBuildFile; productRef = 88037F50267AA7D2004B06B5 /* FirebaseStorage */; };
		88037F53267AA7D2004B06B5 /* FirebaseAppCheck in Frameworks */ = {isa = PBXBuildFile; productRef = 88037F52267AA7D2004B06B5 /* FirebaseAppCheck */; };
		88037F55267AA7D2004B06B5 /* FirebaseAnalytics in Frameworks */ = {isa = PBXBuildFile; productRef = 88037F54267AA7D2004B06B5 /* FirebaseAnalytics */; };
		88037F57267AA7D2004B06B5 /* FirebaseDatabaseSwift-Beta in Frameworks */ = {isa = PBXBuildFile; productRef = 88037F56267AA7D2004B06B5 /* FirebaseDatabaseSwift-Beta */; };
		88037F59267AA7D2004B06B5 /* FirebaseFirestore in Frameworks */ = {isa = PBXBuildFile; productRef = 88037F58267AA7D2004B06B5 /* FirebaseFirestore */; };
		88037F5B267AA7D2004B06B5 /* FirebaseDatabase in Frameworks */ = {isa = PBXBuildFile; productRef = 88037F5A267AA7D2004B06B5 /* FirebaseDatabase */; };
		88037F5D267AA7D2004B06B5 /* FirebaseAnalyticsSwift-Beta in Frameworks */ = {isa = PBXBuildFile; productRef = 88037F5C267AA7D2004B06B5 /* FirebaseAnalyticsSwift-Beta */; };
		88037F5F267AA7D2004B06B5 /* FirebaseCrashlytics in Frameworks */ = {isa = PBXBuildFile; productRef = 88037F5E267AA7D2004B06B5 /* FirebaseCrashlytics */; };
		88037F61267AA7D2004B06B5 /* FirebaseAuth in Frameworks */ = {isa = PBXBuildFile; productRef = 88037F60267AA7D2004B06B5 /* FirebaseAuth */; };
		88037F63267AA7D2004B06B5 /* FirebaseFunctions in Frameworks */ = {isa = PBXBuildFile; productRef = 88037F62267AA7D2004B06B5 /* FirebaseFunctions */; };
		88037F65267AA7D2004B06B5 /* FirebaseStorageSwift-Beta in Frameworks */ = {isa = PBXBuildFile; productRef = 88037F64267AA7D2004B06B5 /* FirebaseStorageSwift-Beta */; };
		88037F68267AA886004B06B5 /* Main.storyboard in Resources */ = {isa = PBXBuildFile; fileRef = 88037F66267AA886004B06B5 /* Main.storyboard */; };
		88037F6D267AA8B9004B06B5 /* FeedViewController.swift in Sources */ = {isa = PBXBuildFile; fileRef = 88037F6A267AA8B9004B06B5 /* FeedViewController.swift */; };
		88037F6E267AA8B9004B06B5 /* SettingsViewController.swift in Sources */ = {isa = PBXBuildFile; fileRef = 88037F6B267AA8B9004B06B5 /* SettingsViewController.swift */; };
		88037F6F267AA8B9004B06B5 /* UploadViewController.swift in Sources */ = {isa = PBXBuildFile; fileRef = 88037F6C267AA8B9004B06B5 /* UploadViewController.swift */; };
		88037F73267AA958004B06B5 /* GoogleService-Info.plist in Resources */ = {isa = PBXBuildFile; fileRef = 88037F72267AA958004B06B5 /* GoogleService-Info.plist */; };
		88037F75267AAE14004B06B5 /* FeedCell.swift in Sources */ = {isa = PBXBuildFile; fileRef = 88037F74267AAE14004B06B5 /* FeedCell.swift */; };
/* End PBXBuildFile section */

/* Begin PBXFileReference section */
		88037F32267AA754004B06B5 /* InstaApp.app */ = {isa = PBXFileReference; explicitFileType = wrapper.application; includeInIndex = 0; path = InstaApp.app; sourceTree = BUILT_PRODUCTS_DIR; };
		88037F35267AA754004B06B5 /* AppDelegate.swift */ = {isa = PBXFileReference; lastKnownFileType = sourcecode.swift; path = AppDelegate.swift; sourceTree = "<group>"; };
		88037F37267AA754004B06B5 /* SceneDelegate.swift */ = {isa = PBXFileReference; lastKnownFileType = sourcecode.swift; path = SceneDelegate.swift; sourceTree = "<group>"; };
		88037F39267AA754004B06B5 /* ViewController.swift */ = {isa = PBXFileReference; lastKnownFileType = sourcecode.swift; path = ViewController.swift; sourceTree = "<group>"; };
		88037F3E267AA755004B06B5 /* Assets.xcassets */ = {isa = PBXFileReference; lastKnownFileType = folder.assetcatalog; path = Assets.xcassets; sourceTree = "<group>"; };
		88037F41267AA755004B06B5 /* Base */ = {isa = PBXFileReference; lastKnownFileType = file.storyboard; name = Base; path = Base.lproj/LaunchScreen.storyboard; sourceTree = "<group>"; };
		88037F43267AA755004B06B5 /* Info.plist */ = {isa = PBXFileReference; lastKnownFileType = text.plist.xml; path = Info.plist; sourceTree = "<group>"; };
		88037F67267AA886004B06B5 /* Base */ = {isa = PBXFileReference; lastKnownFileType = file.storyboard; name = Base; path = ../../11_InstaClone/InstaClone/Base.lproj/Main.storyboard; sourceTree = "<group>"; };
		88037F6A267AA8B9004B06B5 /* FeedViewController.swift */ = {isa = PBXFileReference; fileEncoding = 4; lastKnownFileType = sourcecode.swift; name = FeedViewController.swift; path = ../../../11_InstaClone/InstaClone/TabViewControllers/FeedViewController.swift; sourceTree = "<group>"; };
		88037F6B267AA8B9004B06B5 /* SettingsViewController.swift */ = {isa = PBXFileReference; fileEncoding = 4; lastKnownFileType = sourcecode.swift; name = SettingsViewController.swift; path = ../../../11_InstaClone/InstaClone/TabViewControllers/SettingsViewController.swift; sourceTree = "<group>"; };
		88037F6C267AA8B9004B06B5 /* UploadViewController.swift */ = {isa = PBXFileReference; fileEncoding = 4; lastKnownFileType = sourcecode.swift; name = UploadViewController.swift; path = ../../../11_InstaClone/InstaClone/TabViewControllers/UploadViewController.swift; sourceTree = "<group>"; };
		88037F72267AA958004B06B5 /* GoogleService-Info.plist */ = {isa = PBXFileReference; fileEncoding = 4; lastKnownFileType = text.plist.xml; path = "GoogleService-Info.plist"; sourceTree = "<group>"; };
		88037F74267AAE14004B06B5 /* FeedCell.swift */ = {isa = PBXFileReference; lastKnownFileType = sourcecode.swift; path = FeedCell.swift; sourceTree = "<group>"; };
/* End PBXFileReference section */

/* Begin PBXFrameworksBuildPhase section */
		88037F2F267AA754004B06B5 /* Frameworks */ = {
			isa = PBXFrameworksBuildPhase;
			buildActionMask = 2147483647;
			files = (
				88037F5D267AA7D2004B06B5 /* FirebaseAnalyticsSwift-Beta in Frameworks */,
				88037F4F267AA7D2004B06B5 /* FirebaseFirestoreSwift-Beta in Frameworks */,
				88037F51267AA7D2004B06B5 /* FirebaseStorage in Frameworks */,
				88037F55267AA7D2004B06B5 /* FirebaseAnalytics in Frameworks */,
				88037F4B267AA7D2004B06B5 /* FirebaseInstallations in Frameworks */,
				88037F65267AA7D2004B06B5 /* FirebaseStorageSwift-Beta in Frameworks */,
				88037F5F267AA7D2004B06B5 /* FirebaseCrashlytics in Frameworks */,
				88037F53267AA7D2004B06B5 /* FirebaseAppCheck in Frameworks */,
				88037F61267AA7D2004B06B5 /* FirebaseAuth in Frameworks */,
				88037F59267AA7D2004B06B5 /* FirebaseFirestore in Frameworks */,
				88037F63267AA7D2004B06B5 /* FirebaseFunctions in Frameworks */,
				88037F5B267AA7D2004B06B5 /* FirebaseDatabase in Frameworks */,
				88037F57267AA7D2004B06B5 /* FirebaseDatabaseSwift-Beta in Frameworks */,
				88037F4D267AA7D2004B06B5 /* FirebaseDynamicLinks in Frameworks */,
			);
			runOnlyForDeploymentPostprocessing = 0;
		};
/* End PBXFrameworksBuildPhase section */

/* Begin PBXGroup section */
		88037F29267AA754004B06B5 = {
			isa = PBXGroup;
			children = (
				88037F34267AA754004B06B5 /* InstaApp */,
				88037F33267AA754004B06B5 /* Products */,
			);
			sourceTree = "<group>";
		};
		88037F33267AA754004B06B5 /* Products */ = {
			isa = PBXGroup;
			children = (
				88037F32267AA754004B06B5 /* InstaApp.app */,
			);
			name = Products;
			sourceTree = "<group>";
		};
		88037F34267AA754004B06B5 /* InstaApp */ = {
			isa = PBXGroup;
			children = (
				88037F72267AA958004B06B5 /* GoogleService-Info.plist */,
				88037F69267AA8AB004B06B5 /* TabViewControllers */,
				88037F35267AA754004B06B5 /* AppDelegate.swift */,
				88037F37267AA754004B06B5 /* SceneDelegate.swift */,
				88037F39267AA754004B06B5 /* ViewController.swift */,
				88037F66267AA886004B06B5 /* Main.storyboard */,
				88037F3E267AA755004B06B5 /* Assets.xcassets */,
				88037F40267AA755004B06B5 /* LaunchScreen.storyboard */,
				88037F43267AA755004B06B5 /* Info.plist */,
			);
			path = InstaApp;
			sourceTree = "<group>";
		};
		88037F69267AA8AB004B06B5 /* TabViewControllers */ = {
			isa = PBXGroup;
			children = (
				88037F6A267AA8B9004B06B5 /* FeedViewController.swift */,
				88037F6B267AA8B9004B06B5 /* SettingsViewController.swift */,
				88037F6C267AA8B9004B06B5 /* UploadViewController.swift */,
				88037F74267AAE14004B06B5 /* FeedCell.swift */,
			);
			path = TabViewControllers;
			sourceTree = "<group>";
		};
/* End PBXGroup section */

/* Begin PBXNativeTarget section */
		88037F31267AA754004B06B5 /* InstaApp */ = {
			isa = PBXNativeTarget;
			buildConfigurationList = 88037F46267AA755004B06B5 /* Build configuration list for PBXNativeTarget "InstaApp" */;
			buildPhases = (
				88037F2E267AA754004B06B5 /* Sources */,
				88037F2F267AA754004B06B5 /* Frameworks */,
				88037F30267AA754004B06B5 /* Resources */,
			);
			buildRules = (
			);
			dependencies = (
			);
			name = InstaApp;
			packageProductDependencies = (
				88037F4A267AA7D2004B06B5 /* FirebaseInstallations */,
				88037F4C267AA7D2004B06B5 /* FirebaseDynamicLinks */,
				88037F4E267AA7D2004B06B5 /* FirebaseFirestoreSwift-Beta */,
				88037F50267AA7D2004B06B5 /* FirebaseStorage */,
				88037F52267AA7D2004B06B5 /* FirebaseAppCheck */,
				88037F54267AA7D2004B06B5 /* FirebaseAnalytics */,
				88037F56267AA7D2004B06B5 /* FirebaseDatabaseSwift-Beta */,
				88037F58267AA7D2004B06B5 /* FirebaseFirestore */,
				88037F5A267AA7D2004B06B5 /* FirebaseDatabase */,
				88037F5C267AA7D2004B06B5 /* FirebaseAnalyticsSwift-Beta */,
				88037F5E267AA7D2004B06B5 /* FirebaseCrashlytics */,
				88037F60267AA7D2004B06B5 /* FirebaseAuth */,
				88037F62267AA7D2004B06B5 /* FirebaseFunctions */,
				88037F64267AA7D2004B06B5 /* FirebaseStorageSwift-Beta */,
			);
			productName = InstaApp;
			productReference = 88037F32267AA754004B06B5 /* InstaApp.app */;
			productType = "com.apple.product-type.application";
		};
/* End PBXNativeTarget section */

/* Begin PBXProject section */
		88037F2A267AA754004B06B5 /* Project object */ = {
			isa = PBXProject;
			attributes = {
				LastSwiftUpdateCheck = 1250;
				LastUpgradeCheck = 1250;
				TargetAttributes = {
					88037F31267AA754004B06B5 = {
						CreatedOnToolsVersion = 12.5;
					};
				};
			};
			buildConfigurationList = 88037F2D267AA754004B06B5 /* Build configuration list for PBXProject "InstaApp" */;
			compatibilityVersion = "Xcode 9.3";
			developmentRegion = en;
			hasScannedForEncodings = 0;
			knownRegions = (
				en,
				Base,
			);
			mainGroup = 88037F29267AA754004B06B5;
			packageReferences = (
				88037F49267AA7D2004B06B5 /* XCRemoteSwiftPackageReference "firebase-ios-sdk" */,
			);
			productRefGroup = 88037F33267AA754004B06B5 /* Products */;
			projectDirPath = "";
			projectRoot = "";
			targets = (
				88037F31267AA754004B06B5 /* InstaApp */,
			);
		};
/* End PBXProject section */

/* Begin PBXResourcesBuildPhase section */
		88037F30267AA754004B06B5 /* Resources */ = {
			isa = PBXResourcesBuildPhase;
			buildActionMask = 2147483647;
			files = (
				88037F68267AA886004B06B5 /* Main.storyboard in Resources */,
				88037F73267AA958004B06B5 /* GoogleService-Info.plist in Resources */,
				88037F42267AA755004B06B5 /* LaunchScreen.storyboard in Resources */,
				88037F3F267AA755004B06B5 /* Assets.xcassets in Resources */,
			);
			runOnlyForDeploymentPostprocessing = 0;
		};
/* End PBXResourcesBuildPhase section */

/* Begin PBXSourcesBuildPhase section */
		88037F2E267AA754004B06B5 /* Sources */ = {
			isa = PBXSourcesBuildPhase;
			buildActionMask = 2147483647;
			files = (
				88037F75267AAE14004B06B5 /* FeedCell.swift in Sources */,
				88037F3A267AA754004B06B5 /* ViewController.swift in Sources */,
				88037F6F267AA8B9004B06B5 /* UploadViewController.swift in Sources */,
				88037F36267AA754004B06B5 /* AppDelegate.swift in Sources */,
				88037F6D267AA8B9004B06B5 /* FeedViewController.swift in Sources */,
				88037F6E267AA8B9004B06B5 /* SettingsViewController.swift in Sources */,
				88037F38267AA754004B06B5 /* SceneDelegate.swift in Sources */,
			);
			runOnlyForDeploymentPostprocessing = 0;
		};
/* End PBXSourcesBuildPhase section */

/* Begin PBXVariantGroup section */
		88037F40267AA755004B06B5 /* LaunchScreen.storyboard */ = {
			isa = PBXVariantGroup;
			children = (
				88037F41267AA755004B06B5 /* Base */,
			);
			name = LaunchScreen.storyboard;
			sourceTree = "<group>";
		};
		88037F66267AA886004B06B5 /* Main.storyboard */ = {
			isa = PBXVariantGroup;
			children = (
				88037F67267AA886004B06B5 /* Base */,
			);
			name = Main.storyboard;
			sourceTree = "<group>";
		};
/* End PBXVariantGroup section */

/* Begin XCBuildConfiguration section */
		88037F44267AA755004B06B5 /* Debug */ = {
			isa = XCBuildConfiguration;
			buildSettings = {
				ALWAYS_SEARCH_USER_PATHS = NO;
				CLANG_ANALYZER_NONNULL = YES;
				CLANG_ANALYZER_NUMBER_OBJECT_CONVERSION = YES_AGGRESSIVE;
				CLANG_CXX_LANGUAGE_STANDARD = "gnu++14";
				CLANG_CXX_LIBRARY = "libc++";
				CLANG_ENABLE_MODULES = YES;
				CLANG_ENABLE_OBJC_ARC = YES;
				CLANG_ENABLE_OBJC_WEAK = YES;
				CLANG_WARN_BLOCK_CAPTURE_AUTORELEASING = YES;
				CLANG_WARN_BOOL_CONVERSION = YES;
				CLANG_WARN_COMMA = YES;
				CLANG_WARN_CONSTANT_CONVERSION = YES;
				CLANG_WARN_DEPRECATED_OBJC_IMPLEMENTATIONS = YES;
				CLANG_WARN_DIRECT_OBJC_ISA_USAGE = YES_ERROR;
				CLANG_WARN_DOCUMENTATION_COMMENTS = YES;
				CLANG_WARN_EMPTY_BODY = YES;
				CLANG_WARN_ENUM_CONVERSION = YES;
				CLANG_WARN_INFINITE_RECURSION = YES;
				CLANG_WARN_INT_CONVERSION = YES;
				CLANG_WARN_NON_LITERAL_NULL_CONVERSION = YES;
				CLANG_WARN_OBJC_IMPLICIT_RETAIN_SELF = YES;
				CLANG_WARN_OBJC_LITERAL_CONVERSION = YES;
				CLANG_WARN_OBJC_ROOT_CLASS = YES_ERROR;
				CLANG_WARN_QUOTED_INCLUDE_IN_FRAMEWORK_HEADER = YES;
				CLANG_WARN_RANGE_LOOP_ANALYSIS = YES;
				CLANG_WARN_STRICT_PROTOTYPES = YES;
				CLANG_WARN_SUSPICIOUS_MOVE = YES;
				CLANG_WARN_UNGUARDED_AVAILABILITY = YES_AGGRESSIVE;
				CLANG_WARN_UNREACHABLE_CODE = YES;
				CLANG_WARN__DUPLICATE_METHOD_MATCH = YES;
				COPY_PHASE_STRIP = NO;
				DEBUG_INFORMATION_FORMAT = dwarf;
				ENABLE_STRICT_OBJC_MSGSEND = YES;
				ENABLE_TESTABILITY = YES;
				GCC_C_LANGUAGE_STANDARD = gnu11;
				GCC_DYNAMIC_NO_PIC = NO;
				GCC_NO_COMMON_BLOCKS = YES;
				GCC_OPTIMIZATION_LEVEL = 0;
				GCC_PREPROCESSOR_DEFINITIONS = (
					"DEBUG=1",
					"$(inherited)",
				);
				GCC_WARN_64_TO_32_BIT_CONVERSION = YES;
				GCC_WARN_ABOUT_RETURN_TYPE = YES_ERROR;
				GCC_WARN_UNDECLARED_SELECTOR = YES;
				GCC_WARN_UNINITIALIZED_AUTOS = YES_AGGRESSIVE;
				GCC_WARN_UNUSED_FUNCTION = YES;
				GCC_WARN_UNUSED_VARIABLE = YES;
				IPHONEOS_DEPLOYMENT_TARGET = 14.5;
				MTL_ENABLE_DEBUG_INFO = INCLUDE_SOURCE;
				MTL_FAST_MATH = YES;
				ONLY_ACTIVE_ARCH = YES;
				SDKROOT = iphoneos;
				SWIFT_ACTIVE_COMPILATION_CONDITIONS = DEBUG;
				SWIFT_OPTIMIZATION_LEVEL = "-Onone";
			};
			name = Debug;
		};
		88037F45267AA755004B06B5 /* Release */ = {
			isa = XCBuildConfiguration;
			buildSettings = {
				ALWAYS_SEARCH_USER_PATHS = NO;
				CLANG_ANALYZER_NONNULL = YES;
				CLANG_ANALYZER_NUMBER_OBJECT_CONVERSION = YES_AGGRESSIVE;
				CLANG_CXX_LANGUAGE_STANDARD = "gnu++14";
				CLANG_CXX_LIBRARY = "libc++";
				CLANG_ENABLE_MODULES = YES;
				CLANG_ENABLE_OBJC_ARC = YES;
				CLANG_ENABLE_OBJC_WEAK = YES;
				CLANG_WARN_BLOCK_CAPTURE_AUTORELEASING = YES;
				CLANG_WARN_BOOL_CONVERSION = YES;
				CLANG_WARN_COMMA = YES;
				CLANG_WARN_CONSTANT_CONVERSION = YES;
				CLANG_WARN_DEPRECATED_OBJC_IMPLEMENTATIONS = YES;
				CLANG_WARN_DIRECT_OBJC_ISA_USAGE = YES_ERROR;
				CLANG_WARN_DOCUMENTATION_COMMENTS = YES;
				CLANG_WARN_EMPTY_BODY = YES;
				CLANG_WARN_ENUM_CONVERSION = YES;
				CLANG_WARN_INFINITE_RECURSION = YES;
				CLANG_WARN_INT_CONVERSION = YES;
				CLANG_WARN_NON_LITERAL_NULL_CONVERSION = YES;
				CLANG_WARN_OBJC_IMPLICIT_RETAIN_SELF = YES;
				CLANG_WARN_OBJC_LITERAL_CONVERSION = YES;
				CLANG_WARN_OBJC_ROOT_CLASS = YES_ERROR;
				CLANG_WARN_QUOTED_INCLUDE_IN_FRAMEWORK_HEADER = YES;
				CLANG_WARN_RANGE_LOOP_ANALYSIS = YES;
				CLANG_WARN_STRICT_PROTOTYPES = YES;
				CLANG_WARN_SUSPICIOUS_MOVE = YES;
				CLANG_WARN_UNGUARDED_AVAILABILITY = YES_AGGRESSIVE;
				CLANG_WARN_UNREACHABLE_CODE = YES;
				CLANG_WARN__DUPLICATE_METHOD_MATCH = YES;
				COPY_PHASE_STRIP = NO;
				DEBUG_INFORMATION_FORMAT = "dwarf-with-dsym";
				ENABLE_NS_ASSERTIONS = NO;
				ENABLE_STRICT_OBJC_MSGSEND = YES;
				GCC_C_LANGUAGE_STANDARD = gnu11;
				GCC_NO_COMMON_BLOCKS = YES;
				GCC_WARN_64_TO_32_BIT_CONVERSION = YES;
				GCC_WARN_ABOUT_RETURN_TYPE = YES_ERROR;
				GCC_WARN_UNDECLARED_SELECTOR = YES;
				GCC_WARN_UNINITIALIZED_AUTOS = YES_AGGRESSIVE;
				GCC_WARN_UNUSED_FUNCTION = YES;
				GCC_WARN_UNUSED_VARIABLE = YES;
				IPHONEOS_DEPLOYMENT_TARGET = 14.5;
				MTL_ENABLE_DEBUG_INFO = NO;
				MTL_FAST_MATH = YES;
				SDKROOT = iphoneos;
				SWIFT_COMPILATION_MODE = wholemodule;
				SWIFT_OPTIMIZATION_LEVEL = "-O";
				VALIDATE_PRODUCT = YES;
			};
			name = Release;
		};
		88037F47267AA755004B06B5 /* Debug */ = {
			isa = XCBuildConfiguration;
			buildSettings = {
				ASSETCATALOG_COMPILER_APPICON_NAME = AppIcon;
				ASSETCATALOG_COMPILER_GLOBAL_ACCENT_COLOR_NAME = AccentColor;
				CODE_SIGN_STYLE = Automatic;
				DEVELOPMENT_TEAM = 7772ZUX4ZL;
				INFOPLIST_FILE = InstaApp/Info.plist;
				LD_RUNPATH_SEARCH_PATHS = (
					"$(inherited)",
					"@executable_path/Frameworks",
				);
				PRODUCT_BUNDLE_IDENTIFIER = com.josh.InstaApp;
				PRODUCT_NAME = "$(TARGET_NAME)";
				SWIFT_VERSION = 5.0;
				TARGETED_DEVICE_FAMILY = "1,2";
			};
			name = Debug;
		};
		88037F48267AA755004B06B5 /* Release */ = {
			isa = XCBuildConfiguration;
			buildSettings = {
				ASSETCATALOG_COMPILER_APPICON_NAME = AppIcon;
				ASSETCATALOG_COMPILER_GLOBAL_ACCENT_COLOR_NAME = AccentColor;
				CODE_SIGN_STYLE = Automatic;
				DEVELOPMENT_TEAM = 7772ZUX4ZL;
				INFOPLIST_FILE = InstaApp/Info.plist;
				LD_RUNPATH_SEARCH_PATHS = (
					"$(inherited)",
					"@executable_path/Frameworks",
				);
				PRODUCT_BUNDLE_IDENTIFIER = com.josh.InstaApp;
				PRODUCT_NAME = "$(TARGET_NAME)";
				SWIFT_VERSION = 5.0;
				TARGETED_DEVICE_FAMILY = "1,2";
			};
			name = Release;
		};
/* End XCBuildConfiguration section */

/* Begin XCConfigurationList section */
		88037F2D267AA754004B06B5 /* Build configuration list for PBXProject "InstaApp" */ = {
			isa = XCConfigurationList;
			buildConfigurations = (
				88037F44267AA755004B06B5 /* Debug */,
				88037F45267AA755004B06B5 /* Release */,
			);
			defaultConfigurationIsVisible = 0;
			defaultConfigurationName = Release;
		};
		88037F46267AA755004B06B5 /* Build configuration list for PBXNativeTarget "InstaApp" */ = {
			isa = XCConfigurationList;
			buildConfigurations = (
				88037F47267AA755004B06B5 /* Debug */,
				88037F48267AA755004B06B5 /* Release */,
			);
			defaultConfigurationIsVisible = 0;
			defaultConfigurationName = Release;
		};
/* End XCConfigurationList section */

/* Begin XCRemoteSwiftPackageReference section */
		88037F49267AA7D2004B06B5 /* XCRemoteSwiftPackageReference "firebase-ios-sdk" */ = {
			isa = XCRemoteSwiftPackageReference;
			repositoryURL = "https://github.com/firebase/firebase-ios-sdk.git";
			requirement = {
				kind = upToNextMajorVersion;
				minimumVersion = 8.1.1;
			};
		};
/* End XCRemoteSwiftPackageReference section */

/* Begin XCSwiftPackageProductDependency section */
		88037F4A267AA7D2004B06B5 /* FirebaseInstallations */ = {
			isa = XCSwiftPackageProductDependency;
			package = 88037F49267AA7D2004B06B5 /* XCRemoteSwiftPackageReference "firebase-ios-sdk" */;
			productName = FirebaseInstallations;
		};
		88037F4C267AA7D2004B06B5 /* FirebaseDynamicLinks */ = {
			isa = XCSwiftPackageProductDependency;
			package = 88037F49267AA7D2004B06B5 /* XCRemoteSwiftPackageReference "firebase-ios-sdk" */;
			productName = FirebaseDynamicLinks;
		};
		88037F4E267AA7D2004B06B5 /* FirebaseFirestoreSwift-Beta */ = {
			isa = XCSwiftPackageProductDependency;
			package = 88037F49267AA7D2004B06B5 /* XCRemoteSwiftPackageReference "firebase-ios-sdk" */;
			productName = "FirebaseFirestoreSwift-Beta";
		};
		88037F50267AA7D2004B06B5 /* FirebaseStorage */ = {
			isa = XCSwiftPackageProductDependency;
			package = 88037F49267AA7D2004B06B5 /* XCRemoteSwiftPackageReference "firebase-ios-sdk" */;
			productName = FirebaseStorage;
		};
		88037F52267AA7D2004B06B5 /* FirebaseAppCheck */ = {
			isa = XCSwiftPackageProductDependency;
			package = 88037F49267AA7D2004B06B5 /* XCRemoteSwiftPackageReference "firebase-ios-sdk" */;
			productName = FirebaseAppCheck;
		};
		88037F54267AA7D2004B06B5 /* FirebaseAnalytics */ = {
			isa = XCSwiftPackageProductDependency;
			package = 88037F49267AA7D2004B06B5 /* XCRemoteSwiftPackageReference "firebase-ios-sdk" */;
			productName = FirebaseAnalytics;
		};
		88037F56267AA7D2004B06B5 /* FirebaseDatabaseSwift-Beta */ = {
			isa = XCSwiftPackageProductDependency;
			package = 88037F49267AA7D2004B06B5 /* XCRemoteSwiftPackageReference "firebase-ios-sdk" */;
			productName = "FirebaseDatabaseSwift-Beta";
		};
		88037F58267AA7D2004B06B5 /* FirebaseFirestore */ = {
			isa = XCSwiftPackageProductDependency;
			package = 88037F49267AA7D2004B06B5 /* XCRemoteSwiftPackageReference "firebase-ios-sdk" */;
			productName = FirebaseFirestore;
		};
		88037F5A267AA7D2004B06B5 /* FirebaseDatabase */ = {
			isa = XCSwiftPackageProductDependency;
			package = 88037F49267AA7D2004B06B5 /* XCRemoteSwiftPackageReference "firebase-ios-sdk" */;
			productName = FirebaseDatabase;
		};
		88037F5C267AA7D2004B06B5 /* FirebaseAnalyticsSwift-Beta */ = {
			isa = XCSwiftPackageProductDependency;
			package = 88037F49267AA7D2004B06B5 /* XCRemoteSwiftPackageReference "firebase-ios-sdk" */;
			productName = "FirebaseAnalyticsSwift-Beta";
		};
		88037F5E267AA7D2004B06B5 /* FirebaseCrashlytics */ = {
			isa = XCSwiftPackageProductDependency;
			package = 88037F49267AA7D2004B06B5 /* XCRemoteSwiftPackageReference "firebase-ios-sdk" */;
			productName = FirebaseCrashlytics;
		};
		88037F60267AA7D2004B06B5 /* FirebaseAuth */ = {
			isa = XCSwiftPackageProductDependency;
			package = 88037F49267AA7D2004B06B5 /* XCRemoteSwiftPackageReference "firebase-ios-sdk" */;
			productName = FirebaseAuth;
		};
		88037F62267AA7D2004B06B5 /* FirebaseFunctions */ = {
			isa = XCSwiftPackageProductDependency;
			package = 88037F49267AA7D2004B06B5 /* XCRemoteSwiftPackageReference "firebase-ios-sdk" */;
			productName = FirebaseFunctions;
		};
		88037F64267AA7D2004B06B5 /* FirebaseStorageSwift-Beta */ = {
			isa = XCSwiftPackageProductDependency;
			package = 88037F49267AA7D2004B06B5 /* XCRemoteSwiftPackageReference "firebase-ios-sdk" */;
			productName = "FirebaseStorageSwift-Beta";
		};
/* End XCSwiftPackageProductDependency section */
	};
	rootObject = 88037F2A267AA754004B06B5 /* Project object */;
}
