// !$*UTF8*$!
{
	archiveVersion = 1;
	classes = {
	};
	objectVersion = 50;
	objects = {

/* Begin PBXBuildFile section */
		8862805B269500F300FC2158 /* AppDelegate.swift in Sources */ = {isa = PBXBuildFile; fileRef = 8862805A269500F300FC2158 /* AppDelegate.swift */; };
		8862805D269500F300FC2158 /* SceneDelegate.swift in Sources */ = {isa = PBXBuildFile; fileRef = 8862805C269500F300FC2158 /* SceneDelegate.swift */; };
		8862805F269500F300FC2158 /* ViewController.swift in Sources */ = {isa = PBXBuildFile; fileRef = 8862805E269500F300FC2158 /* ViewController.swift */; };
		88628062269500F300FC2158 /* Main.storyboard in Resources */ = {isa = PBXBuildFile; fileRef = 88628060269500F300FC2158 /* Main.storyboard */; };
		88628064269500F400FC2158 /* Assets.xcassets in Resources */ = {isa = PBXBuildFile; fileRef = 88628063269500F400FC2158 /* Assets.xcassets */; };
		88628067269500F400FC2158 /* LaunchScreen.storyboard in Resources */ = {isa = PBXBuildFile; fileRef = 88628065269500F400FC2158 /* LaunchScreen.storyboard */; };
		8862806F2695020E00FC2158 /* CryptoViewCellTableViewCell.swift in Sources */ = {isa = PBXBuildFile; fileRef = 8862806E2695020E00FC2158 /* CryptoViewCellTableViewCell.swift */; };
		886280752695035400FC2158 /* Currency.swift in Sources */ = {isa = PBXBuildFile; fileRef = 886280742695035400FC2158 /* Currency.swift */; };
		88628077269503B600FC2158 /* Webservice.swift in Sources */ = {isa = PBXBuildFile; fileRef = 88628076269503B600FC2158 /* Webservice.swift */; };
		88628079269505FA00FC2158 /* CryptoViewModel.swift in Sources */ = {isa = PBXBuildFile; fileRef = 88628078269505FA00FC2158 /* CryptoViewModel.swift */; };
/* End PBXBuildFile section */

/* Begin PBXFileReference section */
		88628057269500F300FC2158 /* CryptoMMVM.app */ = {isa = PBXFileReference; explicitFileType = wrapper.application; includeInIndex = 0; path = CryptoMMVM.app; sourceTree = BUILT_PRODUCTS_DIR; };
		8862805A269500F300FC2158 /* AppDelegate.swift */ = {isa = PBXFileReference; lastKnownFileType = sourcecode.swift; path = AppDelegate.swift; sourceTree = "<group>"; };
		8862805C269500F300FC2158 /* SceneDelegate.swift */ = {isa = PBXFileReference; lastKnownFileType = sourcecode.swift; path = SceneDelegate.swift; sourceTree = "<group>"; };
		8862805E269500F300FC2158 /* ViewController.swift */ = {isa = PBXFileReference; lastKnownFileType = sourcecode.swift; path = ViewController.swift; sourceTree = "<group>"; };
		88628061269500F300FC2158 /* Base */ = {isa = PBXFileReference; lastKnownFileType = file.storyboard; name = Base; path = Base.lproj/Main.storyboard; sourceTree = "<group>"; };
		88628063269500F400FC2158 /* Assets.xcassets */ = {isa = PBXFileReference; lastKnownFileType = folder.assetcatalog; path = Assets.xcassets; sourceTree = "<group>"; };
		88628066269500F400FC2158 /* Base */ = {isa = PBXFileReference; lastKnownFileType = file.storyboard; name = Base; path = Base.lproj/LaunchScreen.storyboard; sourceTree = "<group>"; };
		88628068269500F400FC2158 /* Info.plist */ = {isa = PBXFileReference; lastKnownFileType = text.plist.xml; path = Info.plist; sourceTree = "<group>"; };
		8862806E2695020E00FC2158 /* CryptoViewCellTableViewCell.swift */ = {isa = PBXFileReference; lastKnownFileType = sourcecode.swift; path = CryptoViewCellTableViewCell.swift; sourceTree = "<group>"; };
		886280742695035400FC2158 /* Currency.swift */ = {isa = PBXFileReference; lastKnownFileType = sourcecode.swift; path = Currency.swift; sourceTree = "<group>"; };
		88628076269503B600FC2158 /* Webservice.swift */ = {isa = PBXFileReference; lastKnownFileType = sourcecode.swift; path = Webservice.swift; sourceTree = "<group>"; };
		88628078269505FA00FC2158 /* CryptoViewModel.swift */ = {isa = PBXFileReference; lastKnownFileType = sourcecode.swift; path = CryptoViewModel.swift; sourceTree = "<group>"; };
/* End PBXFileReference section */

/* Begin PBXFrameworksBuildPhase section */
		88628054269500F300FC2158 /* Frameworks */ = {
			isa = PBXFrameworksBuildPhase;
			buildActionMask = 2147483647;
			files = (
			);
			runOnlyForDeploymentPostprocessing = 0;
		};
/* End PBXFrameworksBuildPhase section */

/* Begin PBXGroup section */
		8862804E269500F300FC2158 = {
			isa = PBXGroup;
			children = (
				88628059269500F300FC2158 /* CryptoMMVM */,
				88628058269500F300FC2158 /* Products */,
			);
			sourceTree = "<group>";
		};
		88628058269500F300FC2158 /* Products */ = {
			isa = PBXGroup;
			children = (
				88628057269500F300FC2158 /* CryptoMMVM.app */,
			);
			name = Products;
			sourceTree = "<group>";
		};
		88628059269500F300FC2158 /* CryptoMMVM */ = {
			isa = PBXGroup;
			children = (
				886280732695033600FC2158 /* Service */,
				886280722695033100FC2158 /* ViewModel */,
				886280712695032C00FC2158 /* Model */,
				886280702695032900FC2158 /* View */,
				88628060269500F300FC2158 /* Main.storyboard */,
				88628063269500F400FC2158 /* Assets.xcassets */,
				88628065269500F400FC2158 /* LaunchScreen.storyboard */,
				88628068269500F400FC2158 /* Info.plist */,
			);
			path = CryptoMMVM;
			sourceTree = "<group>";
		};
		886280702695032900FC2158 /* View */ = {
			isa = PBXGroup;
			children = (
				8862805A269500F300FC2158 /* AppDelegate.swift */,
				8862805C269500F300FC2158 /* SceneDelegate.swift */,
				8862806E2695020E00FC2158 /* CryptoViewCellTableViewCell.swift */,
				8862805E269500F300FC2158 /* ViewController.swift */,
			);
			path = View;
			sourceTree = "<group>";
		};
		886280712695032C00FC2158 /* Model */ = {
			isa = PBXGroup;
			children = (
				886280742695035400FC2158 /* Currency.swift */,
			);
			path = Model;
			sourceTree = "<group>";
		};
		886280722695033100FC2158 /* ViewModel */ = {
			isa = PBXGroup;
			children = (
				88628078269505FA00FC2158 /* CryptoViewModel.swift */,
			);
			path = ViewModel;
			sourceTree = "<group>";
		};
		886280732695033600FC2158 /* Service */ = {
			isa = PBXGroup;
			children = (
				88628076269503B600FC2158 /* Webservice.swift */,
			);
			path = Service;
			sourceTree = "<group>";
		};
/* End PBXGroup section */

/* Begin PBXNativeTarget section */
		88628056269500F300FC2158 /* CryptoMMVM */ = {
			isa = PBXNativeTarget;
			buildConfigurationList = 8862806B269500F400FC2158 /* Build configuration list for PBXNativeTarget "CryptoMMVM" */;
			buildPhases = (
				88628053269500F300FC2158 /* Sources */,
				88628054269500F300FC2158 /* Frameworks */,
				88628055269500F300FC2158 /* Resources */,
			);
			buildRules = (
			);
			dependencies = (
			);
			name = CryptoMMVM;
			productName = CryptoMMVM;
			productReference = 88628057269500F300FC2158 /* CryptoMMVM.app */;
			productType = "com.apple.product-type.application";
		};
/* End PBXNativeTarget section */

/* Begin PBXProject section */
		8862804F269500F300FC2158 /* Project object */ = {
			isa = PBXProject;
			attributes = {
				LastSwiftUpdateCheck = 1250;
				LastUpgradeCheck = 1250;
				TargetAttributes = {
					88628056269500F300FC2158 = {
						CreatedOnToolsVersion = 12.5.1;
					};
				};
			};
			buildConfigurationList = 88628052269500F300FC2158 /* Build configuration list for PBXProject "CryptoMMVM" */;
			compatibilityVersion = "Xcode 9.3";
			developmentRegion = en;
			hasScannedForEncodings = 0;
			knownRegions = (
				en,
				Base,
			);
			mainGroup = 8862804E269500F300FC2158;
			productRefGroup = 88628058269500F300FC2158 /* Products */;
			projectDirPath = "";
			projectRoot = "";
			targets = (
				88628056269500F300FC2158 /* CryptoMMVM */,
			);
		};
/* End PBXProject section */

/* Begin PBXResourcesBuildPhase section */
		88628055269500F300FC2158 /* Resources */ = {
			isa = PBXResourcesBuildPhase;
			buildActionMask = 2147483647;
			files = (
				88628067269500F400FC2158 /* LaunchScreen.storyboard in Resources */,
				88628064269500F400FC2158 /* Assets.xcassets in Resources */,
				88628062269500F300FC2158 /* Main.storyboard in Resources */,
			);
			runOnlyForDeploymentPostprocessing = 0;
		};
/* End PBXResourcesBuildPhase section */

/* Begin PBXSourcesBuildPhase section */
		88628053269500F300FC2158 /* Sources */ = {
			isa = PBXSourcesBuildPhase;
			buildActionMask = 2147483647;
			files = (
				886280752695035400FC2158 /* Currency.swift in Sources */,
				8862805F269500F300FC2158 /* ViewController.swift in Sources */,
				88628077269503B600FC2158 /* Webservice.swift in Sources */,
				88628079269505FA00FC2158 /* CryptoViewModel.swift in Sources */,
				8862806F2695020E00FC2158 /* CryptoViewCellTableViewCell.swift in Sources */,
				8862805B269500F300FC2158 /* AppDelegate.swift in Sources */,
				8862805D269500F300FC2158 /* SceneDelegate.swift in Sources */,
			);
			runOnlyForDeploymentPostprocessing = 0;
		};
/* End PBXSourcesBuildPhase section */

/* Begin PBXVariantGroup section */
		88628060269500F300FC2158 /* Main.storyboard */ = {
			isa = PBXVariantGroup;
			children = (
				88628061269500F300FC2158 /* Base */,
			);
			name = Main.storyboard;
			sourceTree = "<group>";
		};
		88628065269500F400FC2158 /* LaunchScreen.storyboard */ = {
			isa = PBXVariantGroup;
			children = (
				88628066269500F400FC2158 /* Base */,
			);
			name = LaunchScreen.storyboard;
			sourceTree = "<group>";
		};
/* End PBXVariantGroup section */

/* Begin XCBuildConfiguration section */
		88628069269500F400FC2158 /* Debug */ = {
			isa = XCBuildConfiguration;
			buildSettings = {
				ALWAYS_SEARCH_USER_PATHS = NO;
				CLANG_ANALYZER_NONNULL = YES;
				CLANG_ANALYZER_NUMBER_OBJECT_CONVERSION = YES_AGGRESSIVE;
				CLANG_CXX_LANGUAGE_STANDARD = "gnu++14";
				CLANG_CXX_LIBRARY = "libc++";
				CLANG_ENABLE_MODULES = YES;
				CLANG_ENABLE_OBJC_ARC = YES;
				CLANG_ENABLE_OBJC_WEAK = YES;
				CLANG_WARN_BLOCK_CAPTURE_AUTORELEASING = YES;
				CLANG_WARN_BOOL_CONVERSION = YES;
				CLANG_WARN_COMMA = YES;
				CLANG_WARN_CONSTANT_CONVERSION = YES;
				CLANG_WARN_DEPRECATED_OBJC_IMPLEMENTATIONS = YES;
				CLANG_WARN_DIRECT_OBJC_ISA_USAGE = YES_ERROR;
				CLANG_WARN_DOCUMENTATION_COMMENTS = YES;
				CLANG_WARN_EMPTY_BODY = YES;
				CLANG_WARN_ENUM_CONVERSION = YES;
				CLANG_WARN_INFINITE_RECURSION = YES;
				CLANG_WARN_INT_CONVERSION = YES;
				CLANG_WARN_NON_LITERAL_NULL_CONVERSION = YES;
				CLANG_WARN_OBJC_IMPLICIT_RETAIN_SELF = YES;
				CLANG_WARN_OBJC_LITERAL_CONVERSION = YES;
				CLANG_WARN_OBJC_ROOT_CLASS = YES_ERROR;
				CLANG_WARN_QUOTED_INCLUDE_IN_FRAMEWORK_HEADER = YES;
				CLANG_WARN_RANGE_LOOP_ANALYSIS = YES;
				CLANG_WARN_STRICT_PROTOTYPES = YES;
				CLANG_WARN_SUSPICIOUS_MOVE = YES;
				CLANG_WARN_UNGUARDED_AVAILABILITY = YES_AGGRESSIVE;
				CLANG_WARN_UNREACHABLE_CODE = YES;
				CLANG_WARN__DUPLICATE_METHOD_MATCH = YES;
				COPY_PHASE_STRIP = NO;
				DEBUG_INFORMATION_FORMAT = dwarf;
				ENABLE_STRICT_OBJC_MSGSEND = YES;
				ENABLE_TESTABILITY = YES;
				GCC_C_LANGUAGE_STANDARD = gnu11;
				GCC_DYNAMIC_NO_PIC = NO;
				GCC_NO_COMMON_BLOCKS = YES;
				GCC_OPTIMIZATION_LEVEL = 0;
				GCC_PREPROCESSOR_DEFINITIONS = (
					"DEBUG=1",
					"$(inherited)",
				);
				GCC_WARN_64_TO_32_BIT_CONVERSION = YES;
				GCC_WARN_ABOUT_RETURN_TYPE = YES_ERROR;
				GCC_WARN_UNDECLARED_SELECTOR = YES;
				GCC_WARN_UNINITIALIZED_AUTOS = YES_AGGRESSIVE;
				GCC_WARN_UNUSED_FUNCTION = YES;
				GCC_WARN_UNUSED_VARIABLE = YES;
				IPHONEOS_DEPLOYMENT_TARGET = 14.5;
				MTL_ENABLE_DEBUG_INFO = INCLUDE_SOURCE;
				MTL_FAST_MATH = YES;
				ONLY_ACTIVE_ARCH = YES;
				SDKROOT = iphoneos;
				SWIFT_ACTIVE_COMPILATION_CONDITIONS = DEBUG;
				SWIFT_OPTIMIZATION_LEVEL = "-Onone";
			};
			name = Debug;
		};
		8862806A269500F400FC2158 /* Release */ = {
			isa = XCBuildConfiguration;
			buildSettings = {
				ALWAYS_SEARCH_USER_PATHS = NO;
				CLANG_ANALYZER_NONNULL = YES;
				CLANG_ANALYZER_NUMBER_OBJECT_CONVERSION = YES_AGGRESSIVE;
				CLANG_CXX_LANGUAGE_STANDARD = "gnu++14";
				CLANG_CXX_LIBRARY = "libc++";
				CLANG_ENABLE_MODULES = YES;
				CLANG_ENABLE_OBJC_ARC = YES;
				CLANG_ENABLE_OBJC_WEAK = YES;
				CLANG_WARN_BLOCK_CAPTURE_AUTORELEASING = YES;
				CLANG_WARN_BOOL_CONVERSION = YES;
				CLANG_WARN_COMMA = YES;
				CLANG_WARN_CONSTANT_CONVERSION = YES;
				CLANG_WARN_DEPRECATED_OBJC_IMPLEMENTATIONS = YES;
				CLANG_WARN_DIRECT_OBJC_ISA_USAGE = YES_ERROR;
				CLANG_WARN_DOCUMENTATION_COMMENTS = YES;
				CLANG_WARN_EMPTY_BODY = YES;
				CLANG_WARN_ENUM_CONVERSION = YES;
				CLANG_WARN_INFINITE_RECURSION = YES;
				CLANG_WARN_INT_CONVERSION = YES;
				CLANG_WARN_NON_LITERAL_NULL_CONVERSION = YES;
				CLANG_WARN_OBJC_IMPLICIT_RETAIN_SELF = YES;
				CLANG_WARN_OBJC_LITERAL_CONVERSION = YES;
				CLANG_WARN_OBJC_ROOT_CLASS = YES_ERROR;
				CLANG_WARN_QUOTED_INCLUDE_IN_FRAMEWORK_HEADER = YES;
				CLANG_WARN_RANGE_LOOP_ANALYSIS = YES;
				CLANG_WARN_STRICT_PROTOTYPES = YES;
				CLANG_WARN_SUSPICIOUS_MOVE = YES;
				CLANG_WARN_UNGUARDED_AVAILABILITY = YES_AGGRESSIVE;
				CLANG_WARN_UNREACHABLE_CODE = YES;
				CLANG_WARN__DUPLICATE_METHOD_MATCH = YES;
				COPY_PHASE_STRIP = NO;
				DEBUG_INFORMATION_FORMAT = "dwarf-with-dsym";
				ENABLE_NS_ASSERTIONS = NO;
				ENABLE_STRICT_OBJC_MSGSEND = YES;
				GCC_C_LANGUAGE_STANDARD = gnu11;
				GCC_NO_COMMON_BLOCKS = YES;
				GCC_WARN_64_TO_32_BIT_CONVERSION = YES;
				GCC_WARN_ABOUT_RETURN_TYPE = YES_ERROR;
				GCC_WARN_UNDECLARED_SELECTOR = YES;
				GCC_WARN_UNINITIALIZED_AUTOS = YES_AGGRESSIVE;
				GCC_WARN_UNUSED_FUNCTION = YES;
				GCC_WARN_UNUSED_VARIABLE = YES;
				IPHONEOS_DEPLOYMENT_TARGET = 14.5;
				MTL_ENABLE_DEBUG_INFO = NO;
				MTL_FAST_MATH = YES;
				SDKROOT = iphoneos;
				SWIFT_COMPILATION_MODE = wholemodule;
				SWIFT_OPTIMIZATION_LEVEL = "-O";
				VALIDATE_PRODUCT = YES;
			};
			name = Release;
		};
		8862806C269500F400FC2158 /* Debug */ = {
			isa = XCBuildConfiguration;
			buildSettings = {
				ASSETCATALOG_COMPILER_APPICON_NAME = AppIcon;
				ASSETCATALOG_COMPILER_GLOBAL_ACCENT_COLOR_NAME = AccentColor;
				CODE_SIGN_STYLE = Automatic;
				DEVELOPMENT_TEAM = 7772ZUX4ZL;
				INFOPLIST_FILE = CryptoMMVM/Info.plist;
				LD_RUNPATH_SEARCH_PATHS = (
					"$(inherited)",
					"@executable_path/Frameworks",
				);
				PRODUCT_BUNDLE_IDENTIFIER = com.josh.CryptoMMVM;
				PRODUCT_NAME = "$(TARGET_NAME)";
				SWIFT_VERSION = 5.0;
				TARGETED_DEVICE_FAMILY = "1,2";
			};
			name = Debug;
		};
		8862806D269500F400FC2158 /* Release */ = {
			isa = XCBuildConfiguration;
			buildSettings = {
				ASSETCATALOG_COMPILER_APPICON_NAME = AppIcon;
				ASSETCATALOG_COMPILER_GLOBAL_ACCENT_COLOR_NAME = AccentColor;
				CODE_SIGN_STYLE = Automatic;
				DEVELOPMENT_TEAM = 7772ZUX4ZL;
				INFOPLIST_FILE = CryptoMMVM/Info.plist;
				LD_RUNPATH_SEARCH_PATHS = (
					"$(inherited)",
					"@executable_path/Frameworks",
				);
				PRODUCT_BUNDLE_IDENTIFIER = com.josh.CryptoMMVM;
				PRODUCT_NAME = "$(TARGET_NAME)";
				SWIFT_VERSION = 5.0;
				TARGETED_DEVICE_FAMILY = "1,2";
			};
			name = Release;
		};
/* End XCBuildConfiguration section */

/* Begin XCConfigurationList section */
		88628052269500F300FC2158 /* Build configuration list for PBXProject "CryptoMMVM" */ = {
			isa = XCConfigurationList;
			buildConfigurations = (
				88628069269500F400FC2158 /* Debug */,
				8862806A269500F400FC2158 /* Release */,
			);
			defaultConfigurationIsVisible = 0;
			defaultConfigurationName = Release;
		};
		8862806B269500F400FC2158 /* Build configuration list for PBXNativeTarget "CryptoMMVM" */ = {
			isa = XCConfigurationList;
			buildConfigurations = (
				8862806C269500F400FC2158 /* Debug */,
				8862806D269500F400FC2158 /* Release */,
			);
			defaultConfigurationIsVisible = 0;
			defaultConfigurationName = Release;
		};
/* End XCConfigurationList section */
	};
	rootObject = 8862804F269500F300FC2158 /* Project object */;
}
