// !$*UTF8*$!
{
	archiveVersion = 1;
	classes = {
	};
	objectVersion = 50;
	objects = {

/* Begin PBXBuildFile section */
		884E1D4826F512C000BF5E7F /* AppDelegate.swift in Sources */ = {isa = PBXBuildFile; fileRef = 884E1D4726F512C000BF5E7F /* AppDelegate.swift */; };
		884E1D4A26F512C000BF5E7F /* SceneDelegate.swift in Sources */ = {isa = PBXBuildFile; fileRef = 884E1D4926F512C000BF5E7F /* SceneDelegate.swift */; };
		884E1D4C26F512C000BF5E7F /* ViewController.swift in Sources */ = {isa = PBXBuildFile; fileRef = 884E1D4B26F512C000BF5E7F /* ViewController.swift */; };
		884E1D4F26F512C000BF5E7F /* Main.storyboard in Resources */ = {isa = PBXBuildFile; fileRef = 884E1D4D26F512C000BF5E7F /* Main.storyboard */; };
		884E1D5126F512C100BF5E7F /* Assets.xcassets in Resources */ = {isa = PBXBuildFile; fileRef = 884E1D5026F512C100BF5E7F /* Assets.xcassets */; };
		884E1D5426F512C100BF5E7F /* LaunchScreen.storyboard in Resources */ = {isa = PBXBuildFile; fileRef = 884E1D5226F512C100BF5E7F /* LaunchScreen.storyboard */; };
		884E1D5C26F517BF00BF5E7F /* ViewController2.swift in Sources */ = {isa = PBXBuildFile; fileRef = 884E1D5B26F517BF00BF5E7F /* ViewController2.swift */; };
		884E1D5E26F5198A00BF5E7F /* Users.swift in Sources */ = {isa = PBXBuildFile; fileRef = 884E1D5D26F5198A00BF5E7F /* Users.swift */; };
/* End PBXBuildFile section */

/* Begin PBXFileReference section */
		884E1D4426F512C000BF5E7F /* NotificationCenter.app */ = {isa = PBXFileReference; explicitFileType = wrapper.application; includeInIndex = 0; path = NotificationCenter.app; sourceTree = BUILT_PRODUCTS_DIR; };
		884E1D4726F512C000BF5E7F /* AppDelegate.swift */ = {isa = PBXFileReference; lastKnownFileType = sourcecode.swift; path = AppDelegate.swift; sourceTree = "<group>"; };
		884E1D4926F512C000BF5E7F /* SceneDelegate.swift */ = {isa = PBXFileReference; lastKnownFileType = sourcecode.swift; path = SceneDelegate.swift; sourceTree = "<group>"; };
		884E1D4B26F512C000BF5E7F /* ViewController.swift */ = {isa = PBXFileReference; lastKnownFileType = sourcecode.swift; path = ViewController.swift; sourceTree = "<group>"; };
		884E1D4E26F512C000BF5E7F /* Base */ = {isa = PBXFileReference; lastKnownFileType = file.storyboard; name = Base; path = Base.lproj/Main.storyboard; sourceTree = "<group>"; };
		884E1D5026F512C100BF5E7F /* Assets.xcassets */ = {isa = PBXFileReference; lastKnownFileType = folder.assetcatalog; path = Assets.xcassets; sourceTree = "<group>"; };
		884E1D5326F512C100BF5E7F /* Base */ = {isa = PBXFileReference; lastKnownFileType = file.storyboard; name = Base; path = Base.lproj/LaunchScreen.storyboard; sourceTree = "<group>"; };
		884E1D5526F512C100BF5E7F /* Info.plist */ = {isa = PBXFileReference; lastKnownFileType = text.plist.xml; path = Info.plist; sourceTree = "<group>"; };
		884E1D5B26F517BF00BF5E7F /* ViewController2.swift */ = {isa = PBXFileReference; lastKnownFileType = sourcecode.swift; path = ViewController2.swift; sourceTree = "<group>"; };
		884E1D5D26F5198A00BF5E7F /* Users.swift */ = {isa = PBXFileReference; lastKnownFileType = sourcecode.swift; path = Users.swift; sourceTree = "<group>"; };
/* End PBXFileReference section */

/* Begin PBXFrameworksBuildPhase section */
		884E1D4126F512C000BF5E7F /* Frameworks */ = {
			isa = PBXFrameworksBuildPhase;
			buildActionMask = 2147483647;
			files = (
			);
			runOnlyForDeploymentPostprocessing = 0;
		};
/* End PBXFrameworksBuildPhase section */

/* Begin PBXGroup section */
		884E1D3B26F512C000BF5E7F = {
			isa = PBXGroup;
			children = (
				884E1D4626F512C000BF5E7F /* NotificationCenter */,
				884E1D4526F512C000BF5E7F /* Products */,
			);
			sourceTree = "<group>";
		};
		884E1D4526F512C000BF5E7F /* Products */ = {
			isa = PBXGroup;
			children = (
				884E1D4426F512C000BF5E7F /* NotificationCenter.app */,
			);
			name = Products;
			sourceTree = "<group>";
		};
		884E1D4626F512C000BF5E7F /* NotificationCenter */ = {
			isa = PBXGroup;
			children = (
				884E1D4726F512C000BF5E7F /* AppDelegate.swift */,
				884E1D4926F512C000BF5E7F /* SceneDelegate.swift */,
				884E1D4B26F512C000BF5E7F /* ViewController.swift */,
				884E1D4D26F512C000BF5E7F /* Main.storyboard */,
				884E1D5026F512C100BF5E7F /* Assets.xcassets */,
				884E1D5226F512C100BF5E7F /* LaunchScreen.storyboard */,
				884E1D5526F512C100BF5E7F /* Info.plist */,
				884E1D5B26F517BF00BF5E7F /* ViewController2.swift */,
				884E1D5D26F5198A00BF5E7F /* Users.swift */,
			);
			path = NotificationCenter;
			sourceTree = "<group>";
		};
/* End PBXGroup section */

/* Begin PBXNativeTarget section */
		884E1D4326F512C000BF5E7F /* NotificationCenter */ = {
			isa = PBXNativeTarget;
			buildConfigurationList = 884E1D5826F512C100BF5E7F /* Build configuration list for PBXNativeTarget "NotificationCenter" */;
			buildPhases = (
				884E1D4026F512C000BF5E7F /* Sources */,
				884E1D4126F512C000BF5E7F /* Frameworks */,
				884E1D4226F512C000BF5E7F /* Resources */,
			);
			buildRules = (
			);
			dependencies = (
			);
			name = NotificationCenter;
			productName = NotificationCenter;
			productReference = 884E1D4426F512C000BF5E7F /* NotificationCenter.app */;
			productType = "com.apple.product-type.application";
		};
/* End PBXNativeTarget section */

/* Begin PBXProject section */
		884E1D3C26F512C000BF5E7F /* Project object */ = {
			isa = PBXProject;
			attributes = {
				LastSwiftUpdateCheck = 1250;
				LastUpgradeCheck = 1250;
				TargetAttributes = {
					884E1D4326F512C000BF5E7F = {
						CreatedOnToolsVersion = 12.5.1;
					};
				};
			};
			buildConfigurationList = 884E1D3F26F512C000BF5E7F /* Build configuration list for PBXProject "NotificationCenter" */;
			compatibilityVersion = "Xcode 9.3";
			developmentRegion = en;
			hasScannedForEncodings = 0;
			knownRegions = (
				en,
				Base,
			);
			mainGroup = 884E1D3B26F512C000BF5E7F;
			productRefGroup = 884E1D4526F512C000BF5E7F /* Products */;
			projectDirPath = "";
			projectRoot = "";
			targets = (
				884E1D4326F512C000BF5E7F /* NotificationCenter */,
			);
		};
/* End PBXProject section */

/* Begin PBXResourcesBuildPhase section */
		884E1D4226F512C000BF5E7F /* Resources */ = {
			isa = PBXResourcesBuildPhase;
			buildActionMask = 2147483647;
			files = (
				884E1D5426F512C100BF5E7F /* LaunchScreen.storyboard in Resources */,
				884E1D5126F512C100BF5E7F /* Assets.xcassets in Resources */,
				884E1D4F26F512C000BF5E7F /* Main.storyboard in Resources */,
			);
			runOnlyForDeploymentPostprocessing = 0;
		};
/* End PBXResourcesBuildPhase section */

/* Begin PBXSourcesBuildPhase section */
		884E1D4026F512C000BF5E7F /* Sources */ = {
			isa = PBXSourcesBuildPhase;
			buildActionMask = 2147483647;
			files = (
				884E1D4C26F512C000BF5E7F /* ViewController.swift in Sources */,
				884E1D5C26F517BF00BF5E7F /* ViewController2.swift in Sources */,
				884E1D5E26F5198A00BF5E7F /* Users.swift in Sources */,
				884E1D4826F512C000BF5E7F /* AppDelegate.swift in Sources */,
				884E1D4A26F512C000BF5E7F /* SceneDelegate.swift in Sources */,
			);
			runOnlyForDeploymentPostprocessing = 0;
		};
/* End PBXSourcesBuildPhase section */

/* Begin PBXVariantGroup section */
		884E1D4D26F512C000BF5E7F /* Main.storyboard */ = {
			isa = PBXVariantGroup;
			children = (
				884E1D4E26F512C000BF5E7F /* Base */,
			);
			name = Main.storyboard;
			sourceTree = "<group>";
		};
		884E1D5226F512C100BF5E7F /* LaunchScreen.storyboard */ = {
			isa = PBXVariantGroup;
			children = (
				884E1D5326F512C100BF5E7F /* Base */,
			);
			name = LaunchScreen.storyboard;
			sourceTree = "<group>";
		};
/* End PBXVariantGroup section */

/* Begin XCBuildConfiguration section */
		884E1D5626F512C100BF5E7F /* Debug */ = {
			isa = XCBuildConfiguration;
			buildSettings = {
				ALWAYS_SEARCH_USER_PATHS = NO;
				CLANG_ANALYZER_NONNULL = YES;
				CLANG_ANALYZER_NUMBER_OBJECT_CONVERSION = YES_AGGRESSIVE;
				CLANG_CXX_LANGUAGE_STANDARD = "gnu++14";
				CLANG_CXX_LIBRARY = "libc++";
				CLANG_ENABLE_MODULES = YES;
				CLANG_ENABLE_OBJC_ARC = YES;
				CLANG_ENABLE_OBJC_WEAK = YES;
				CLANG_WARN_BLOCK_CAPTURE_AUTORELEASING = YES;
				CLANG_WARN_BOOL_CONVERSION = YES;
				CLANG_WARN_COMMA = YES;
				CLANG_WARN_CONSTANT_CONVERSION = YES;
				CLANG_WARN_DEPRECATED_OBJC_IMPLEMENTATIONS = YES;
				CLANG_WARN_DIRECT_OBJC_ISA_USAGE = YES_ERROR;
				CLANG_WARN_DOCUMENTATION_COMMENTS = YES;
				CLANG_WARN_EMPTY_BODY = YES;
				CLANG_WARN_ENUM_CONVERSION = YES;
				CLANG_WARN_INFINITE_RECURSION = YES;
				CLANG_WARN_INT_CONVERSION = YES;
				CLANG_WARN_NON_LITERAL_NULL_CONVERSION = YES;
				CLANG_WARN_OBJC_IMPLICIT_RETAIN_SELF = YES;
				CLANG_WARN_OBJC_LITERAL_CONVERSION = YES;
				CLANG_WARN_OBJC_ROOT_CLASS = YES_ERROR;
				CLANG_WARN_QUOTED_INCLUDE_IN_FRAMEWORK_HEADER = YES;
				CLANG_WARN_RANGE_LOOP_ANALYSIS = YES;
				CLANG_WARN_STRICT_PROTOTYPES = YES;
				CLANG_WARN_SUSPICIOUS_MOVE = YES;
				CLANG_WARN_UNGUARDED_AVAILABILITY = YES_AGGRESSIVE;
				CLANG_WARN_UNREACHABLE_CODE = YES;
				CLANG_WARN__DUPLICATE_METHOD_MATCH = YES;
				COPY_PHASE_STRIP = NO;
				DEBUG_INFORMATION_FORMAT = dwarf;
				ENABLE_STRICT_OBJC_MSGSEND = YES;
				ENABLE_TESTABILITY = YES;
				GCC_C_LANGUAGE_STANDARD = gnu11;
				GCC_DYNAMIC_NO_PIC = NO;
				GCC_NO_COMMON_BLOCKS = YES;
				GCC_OPTIMIZATION_LEVEL = 0;
				GCC_PREPROCESSOR_DEFINITIONS = (
					"DEBUG=1",
					"$(inherited)",
				);
				GCC_WARN_64_TO_32_BIT_CONVERSION = YES;
				GCC_WARN_ABOUT_RETURN_TYPE = YES_ERROR;
				GCC_WARN_UNDECLARED_SELECTOR = YES;
				GCC_WARN_UNINITIALIZED_AUTOS = YES_AGGRESSIVE;
				GCC_WARN_UNUSED_FUNCTION = YES;
				GCC_WARN_UNUSED_VARIABLE = YES;
				IPHONEOS_DEPLOYMENT_TARGET = 14.5;
				MTL_ENABLE_DEBUG_INFO = INCLUDE_SOURCE;
				MTL_FAST_MATH = YES;
				ONLY_ACTIVE_ARCH = YES;
				SDKROOT = iphoneos;
				SWIFT_ACTIVE_COMPILATION_CONDITIONS = DEBUG;
				SWIFT_OPTIMIZATION_LEVEL = "-Onone";
			};
			name = Debug;
		};
		884E1D5726F512C100BF5E7F /* Release */ = {
			isa = XCBuildConfiguration;
			buildSettings = {
				ALWAYS_SEARCH_USER_PATHS = NO;
				CLANG_ANALYZER_NONNULL = YES;
				CLANG_ANALYZER_NUMBER_OBJECT_CONVERSION = YES_AGGRESSIVE;
				CLANG_CXX_LANGUAGE_STANDARD = "gnu++14";
				CLANG_CXX_LIBRARY = "libc++";
				CLANG_ENABLE_MODULES = YES;
				CLANG_ENABLE_OBJC_ARC = YES;
				CLANG_ENABLE_OBJC_WEAK = YES;
				CLANG_WARN_BLOCK_CAPTURE_AUTORELEASING = YES;
				CLANG_WARN_BOOL_CONVERSION = YES;
				CLANG_WARN_COMMA = YES;
				CLANG_WARN_CONSTANT_CONVERSION = YES;
				CLANG_WARN_DEPRECATED_OBJC_IMPLEMENTATIONS = YES;
				CLANG_WARN_DIRECT_OBJC_ISA_USAGE = YES_ERROR;
				CLANG_WARN_DOCUMENTATION_COMMENTS = YES;
				CLANG_WARN_EMPTY_BODY = YES;
				CLANG_WARN_ENUM_CONVERSION = YES;
				CLANG_WARN_INFINITE_RECURSION = YES;
				CLANG_WARN_INT_CONVERSION = YES;
				CLANG_WARN_NON_LITERAL_NULL_CONVERSION = YES;
				CLANG_WARN_OBJC_IMPLICIT_RETAIN_SELF = YES;
				CLANG_WARN_OBJC_LITERAL_CONVERSION = YES;
				CLANG_WARN_OBJC_ROOT_CLASS = YES_ERROR;
				CLANG_WARN_QUOTED_INCLUDE_IN_FRAMEWORK_HEADER = YES;
				CLANG_WARN_RANGE_LOOP_ANALYSIS = YES;
				CLANG_WARN_STRICT_PROTOTYPES = YES;
				CLANG_WARN_SUSPICIOUS_MOVE = YES;
				CLANG_WARN_UNGUARDED_AVAILABILITY = YES_AGGRESSIVE;
				CLANG_WARN_UNREACHABLE_CODE = YES;
				CLANG_WARN__DUPLICATE_METHOD_MATCH = YES;
				COPY_PHASE_STRIP = NO;
				DEBUG_INFORMATION_FORMAT = "dwarf-with-dsym";
				ENABLE_NS_ASSERTIONS = NO;
				ENABLE_STRICT_OBJC_MSGSEND = YES;
				GCC_C_LANGUAGE_STANDARD = gnu11;
				GCC_NO_COMMON_BLOCKS = YES;
				GCC_WARN_64_TO_32_BIT_CONVERSION = YES;
				GCC_WARN_ABOUT_RETURN_TYPE = YES_ERROR;
				GCC_WARN_UNDECLARED_SELECTOR = YES;
				GCC_WARN_UNINITIALIZED_AUTOS = YES_AGGRESSIVE;
				GCC_WARN_UNUSED_FUNCTION = YES;
				GCC_WARN_UNUSED_VARIABLE = YES;
				IPHONEOS_DEPLOYMENT_TARGET = 14.5;
				MTL_ENABLE_DEBUG_INFO = NO;
				MTL_FAST_MATH = YES;
				SDKROOT = iphoneos;
				SWIFT_COMPILATION_MODE = wholemodule;
				SWIFT_OPTIMIZATION_LEVEL = "-O";
				VALIDATE_PRODUCT = YES;
			};
			name = Release;
		};
		884E1D5926F512C100BF5E7F /* Debug */ = {
			isa = XCBuildConfiguration;
			buildSettings = {
				ASSETCATALOG_COMPILER_APPICON_NAME = AppIcon;
				ASSETCATALOG_COMPILER_GLOBAL_ACCENT_COLOR_NAME = AccentColor;
				CODE_SIGN_STYLE = Automatic;
				DEVELOPMENT_TEAM = 7772ZUX4ZL;
				INFOPLIST_FILE = NotificationCenter/Info.plist;
				LD_RUNPATH_SEARCH_PATHS = (
					"$(inherited)",
					"@executable_path/Frameworks",
				);
				PRODUCT_BUNDLE_IDENTIFIER = com.josh.NotificationCenter;
				PRODUCT_NAME = "$(TARGET_NAME)";
				SWIFT_VERSION = 5.0;
				TARGETED_DEVICE_FAMILY = "1,2";
			};
			name = Debug;
		};
		884E1D5A26F512C100BF5E7F /* Release */ = {
			isa = XCBuildConfiguration;
			buildSettings = {
				ASSETCATALOG_COMPILER_APPICON_NAME = AppIcon;
				ASSETCATALOG_COMPILER_GLOBAL_ACCENT_COLOR_NAME = AccentColor;
				CODE_SIGN_STYLE = Automatic;
				DEVELOPMENT_TEAM = 7772ZUX4ZL;
				INFOPLIST_FILE = NotificationCenter/Info.plist;
				LD_RUNPATH_SEARCH_PATHS = (
					"$(inherited)",
					"@executable_path/Frameworks",
				);
				PRODUCT_BUNDLE_IDENTIFIER = com.josh.NotificationCenter;
				PRODUCT_NAME = "$(TARGET_NAME)";
				SWIFT_VERSION = 5.0;
				TARGETED_DEVICE_FAMILY = "1,2";
			};
			name = Release;
		};
/* End XCBuildConfiguration section */

/* Begin XCConfigurationList section */
		884E1D3F26F512C000BF5E7F /* Build configuration list for PBXProject "NotificationCenter" */ = {
			isa = XCConfigurationList;
			buildConfigurations = (
				884E1D5626F512C100BF5E7F /* Debug */,
				884E1D5726F512C100BF5E7F /* Release */,
			);
			defaultConfigurationIsVisible = 0;
			defaultConfigurationName = Release;
		};
		884E1D5826F512C100BF5E7F /* Build configuration list for PBXNativeTarget "NotificationCenter" */ = {
			isa = XCConfigurationList;
			buildConfigurations = (
				884E1D5926F512C100BF5E7F /* Debug */,
				884E1D5A26F512C100BF5E7F /* Release */,
			);
			defaultConfigurationIsVisible = 0;
			defaultConfigurationName = Release;
		};
/* End XCConfigurationList section */
	};
	rootObject = 884E1D3C26F512C000BF5E7F /* Project object */;
}
