// !$*UTF8*$!
{
	archiveVersion = 1;
	classes = {
	};
	objectVersion = 52;
	objects = {

/* Begin PBXBuildFile section */
		883FE3642677F1490098230F /* AppDelegate.swift in Sources */ = {isa = PBXBuildFile; fileRef = 883FE3632677F1490098230F /* AppDelegate.swift */; };
		883FE3662677F1490098230F /* SceneDelegate.swift in Sources */ = {isa = PBXBuildFile; fileRef = 883FE3652677F1490098230F /* SceneDelegate.swift */; };
		883FE3682677F1490098230F /* ViewController.swift in Sources */ = {isa = PBXBuildFile; fileRef = 883FE3672677F1490098230F /* ViewController.swift */; };
		883FE36B2677F1490098230F /* Main.storyboard in Resources */ = {isa = PBXBuildFile; fileRef = 883FE3692677F1490098230F /* Main.storyboard */; };
		883FE36D2677F1490098230F /* Assets.xcassets in Resources */ = {isa = PBXBuildFile; fileRef = 883FE36C2677F1490098230F /* Assets.xcassets */; };
		883FE3702677F1490098230F /* LaunchScreen.storyboard in Resources */ = {isa = PBXBuildFile; fileRef = 883FE36E2677F1490098230F /* LaunchScreen.storyboard */; };
		883FE3792677F17E0098230F /* FirebaseAnalytics in Frameworks */ = {isa = PBXBuildFile; productRef = 883FE3782677F17E0098230F /* FirebaseAnalytics */; };
		883FE37B2677F17E0098230F /* FirebaseStorage in Frameworks */ = {isa = PBXBuildFile; productRef = 883FE37A2677F17E0098230F /* FirebaseStorage */; };
		883FE37D2677F17E0098230F /* FirebaseAuth in Frameworks */ = {isa = PBXBuildFile; productRef = 883FE37C2677F17E0098230F /* FirebaseAuth */; };
		883FE37F2677F17E0098230F /* FirebaseAppCheck in Frameworks */ = {isa = PBXBuildFile; productRef = 883FE37E2677F17E0098230F /* FirebaseAppCheck */; };
		883FE3812677F17E0098230F /* FirebaseDatabase in Frameworks */ = {isa = PBXBuildFile; productRef = 883FE3802677F17E0098230F /* FirebaseDatabase */; };
		883FE3832677F2490098230F /* GoogleService-Info.plist in Resources */ = {isa = PBXBuildFile; fileRef = 883FE3822677F2490098230F /* GoogleService-Info.plist */; };
		883FE3862677F5B50098230F /* FeedViewController.swift in Sources */ = {isa = PBXBuildFile; fileRef = 883FE3852677F5B50098230F /* FeedViewController.swift */; };
		883FE3882677F5CB0098230F /* UploadViewController.swift in Sources */ = {isa = PBXBuildFile; fileRef = 883FE3872677F5CB0098230F /* UploadViewController.swift */; };
		883FE38A2677F5E10098230F /* SettingsViewController.swift in Sources */ = {isa = PBXBuildFile; fileRef = 883FE3892677F5E10098230F /* SettingsViewController.swift */; };
/* End PBXBuildFile section */

/* Begin PBXFileReference section */
		883FE3602677F1490098230F /* InstaClone.app */ = {isa = PBXFileReference; explicitFileType = wrapper.application; includeInIndex = 0; path = InstaClone.app; sourceTree = BUILT_PRODUCTS_DIR; };
		883FE3632677F1490098230F /* AppDelegate.swift */ = {isa = PBXFileReference; lastKnownFileType = sourcecode.swift; path = AppDelegate.swift; sourceTree = "<group>"; };
		883FE3652677F1490098230F /* SceneDelegate.swift */ = {isa = PBXFileReference; lastKnownFileType = sourcecode.swift; path = SceneDelegate.swift; sourceTree = "<group>"; };
		883FE3672677F1490098230F /* ViewController.swift */ = {isa = PBXFileReference; lastKnownFileType = sourcecode.swift; path = ViewController.swift; sourceTree = "<group>"; };
		883FE36A2677F1490098230F /* Base */ = {isa = PBXFileReference; lastKnownFileType = file.storyboard; name = Base; path = Base.lproj/Main.storyboard; sourceTree = "<group>"; };
		883FE36C2677F1490098230F /* Assets.xcassets */ = {isa = PBXFileReference; lastKnownFileType = folder.assetcatalog; path = Assets.xcassets; sourceTree = "<group>"; };
		883FE36F2677F1490098230F /* Base */ = {isa = PBXFileReference; lastKnownFileType = file.storyboard; name = Base; path = Base.lproj/LaunchScreen.storyboard; sourceTree = "<group>"; };
		883FE3712677F1490098230F /* Info.plist */ = {isa = PBXFileReference; lastKnownFileType = text.plist.xml; path = Info.plist; sourceTree = "<group>"; };
		883FE3822677F2490098230F /* GoogleService-Info.plist */ = {isa = PBXFileReference; fileEncoding = 4; lastKnownFileType = text.plist.xml; path = "GoogleService-Info.plist"; sourceTree = "<group>"; };
		883FE3852677F5B50098230F /* FeedViewController.swift */ = {isa = PBXFileReference; lastKnownFileType = sourcecode.swift; path = FeedViewController.swift; sourceTree = "<group>"; };
		883FE3872677F5CB0098230F /* UploadViewController.swift */ = {isa = PBXFileReference; lastKnownFileType = sourcecode.swift; path = UploadViewController.swift; sourceTree = "<group>"; wrapsLines = 0; };
		883FE3892677F5E10098230F /* SettingsViewController.swift */ = {isa = PBXFileReference; lastKnownFileType = sourcecode.swift; path = SettingsViewController.swift; sourceTree = "<group>"; };
/* End PBXFileReference section */

/* Begin PBXFrameworksBuildPhase section */
		883FE35D2677F1490098230F /* Frameworks */ = {
			isa = PBXFrameworksBuildPhase;
			buildActionMask = 2147483647;
			files = (
				883FE3812677F17E0098230F /* FirebaseDatabase in Frameworks */,
				883FE37F2677F17E0098230F /* FirebaseAppCheck in Frameworks */,
				883FE3792677F17E0098230F /* FirebaseAnalytics in Frameworks */,
				883FE37D2677F17E0098230F /* FirebaseAuth in Frameworks */,
				883FE37B2677F17E0098230F /* FirebaseStorage in Frameworks */,
			);
			runOnlyForDeploymentPostprocessing = 0;
		};
/* End PBXFrameworksBuildPhase section */

/* Begin PBXGroup section */
		883FE3572677F1490098230F = {
			isa = PBXGroup;
			children = (
				883FE3622677F1490098230F /* InstaClone */,
				883FE3612677F1490098230F /* Products */,
			);
			sourceTree = "<group>";
		};
		883FE3612677F1490098230F /* Products */ = {
			isa = PBXGroup;
			children = (
				883FE3602677F1490098230F /* InstaClone.app */,
			);
			name = Products;
			sourceTree = "<group>";
		};
		883FE3622677F1490098230F /* InstaClone */ = {
			isa = PBXGroup;
			children = (
				883FE3842677F58B0098230F /* TabViewControllers */,
				883FE3822677F2490098230F /* GoogleService-Info.plist */,
				883FE3632677F1490098230F /* AppDelegate.swift */,
				883FE3652677F1490098230F /* SceneDelegate.swift */,
				883FE3672677F1490098230F /* ViewController.swift */,
				883FE3692677F1490098230F /* Main.storyboard */,
				883FE36C2677F1490098230F /* Assets.xcassets */,
				883FE36E2677F1490098230F /* LaunchScreen.storyboard */,
				883FE3712677F1490098230F /* Info.plist */,
			);
			path = InstaClone;
			sourceTree = "<group>";
		};
		883FE3842677F58B0098230F /* TabViewControllers */ = {
			isa = PBXGroup;
			children = (
				883FE3852677F5B50098230F /* FeedViewController.swift */,
				883FE3872677F5CB0098230F /* UploadViewController.swift */,
				883FE3892677F5E10098230F /* SettingsViewController.swift */,
			);
			path = TabViewControllers;
			sourceTree = "<group>";
		};
/* End PBXGroup section */

/* Begin PBXNativeTarget section */
		883FE35F2677F1490098230F /* InstaClone */ = {
			isa = PBXNativeTarget;
			buildConfigurationList = 883FE3742677F1490098230F /* Build configuration list for PBXNativeTarget "InstaClone" */;
			buildPhases = (
				883FE35C2677F1490098230F /* Sources */,
				883FE35D2677F1490098230F /* Frameworks */,
				883FE35E2677F1490098230F /* Resources */,
			);
			buildRules = (
			);
			dependencies = (
			);
			name = InstaClone;
			packageProductDependencies = (
				883FE3782677F17E0098230F /* FirebaseAnalytics */,
				883FE37A2677F17E0098230F /* FirebaseStorage */,
				883FE37C2677F17E0098230F /* FirebaseAuth */,
				883FE37E2677F17E0098230F /* FirebaseAppCheck */,
				883FE3802677F17E0098230F /* FirebaseDatabase */,
			);
			productName = InstaClone;
			productReference = 883FE3602677F1490098230F /* InstaClone.app */;
			productType = "com.apple.product-type.application";
		};
/* End PBXNativeTarget section */

/* Begin PBXProject section */
		883FE3582677F1490098230F /* Project object */ = {
			isa = PBXProject;
			attributes = {
				LastSwiftUpdateCheck = 1250;
				LastUpgradeCheck = 1250;
				TargetAttributes = {
					883FE35F2677F1490098230F = {
						CreatedOnToolsVersion = 12.5;
					};
				};
			};
			buildConfigurationList = 883FE35B2677F1490098230F /* Build configuration list for PBXProject "InstaClone" */;
			compatibilityVersion = "Xcode 9.3";
			developmentRegion = en;
			hasScannedForEncodings = 0;
			knownRegions = (
				en,
				Base,
			);
			mainGroup = 883FE3572677F1490098230F;
			packageReferences = (
				883FE3772677F17E0098230F /* XCRemoteSwiftPackageReference "firebase-ios-sdk" */,
			);
			productRefGroup = 883FE3612677F1490098230F /* Products */;
			projectDirPath = "";
			projectRoot = "";
			targets = (
				883FE35F2677F1490098230F /* InstaClone */,
			);
		};
/* End PBXProject section */

/* Begin PBXResourcesBuildPhase section */
		883FE35E2677F1490098230F /* Resources */ = {
			isa = PBXResourcesBuildPhase;
			buildActionMask = 2147483647;
			files = (
				883FE3702677F1490098230F /* LaunchScreen.storyboard in Resources */,
				883FE3832677F2490098230F /* GoogleService-Info.plist in Resources */,
				883FE36D2677F1490098230F /* Assets.xcassets in Resources */,
				883FE36B2677F1490098230F /* Main.storyboard in Resources */,
			);
			runOnlyForDeploymentPostprocessing = 0;
		};
/* End PBXResourcesBuildPhase section */

/* Begin PBXSourcesBuildPhase section */
		883FE35C2677F1490098230F /* Sources */ = {
			isa = PBXSourcesBuildPhase;
			buildActionMask = 2147483647;
			files = (
				883FE3682677F1490098230F /* ViewController.swift in Sources */,
				883FE3882677F5CB0098230F /* UploadViewController.swift in Sources */,
				883FE3642677F1490098230F /* AppDelegate.swift in Sources */,
				883FE3862677F5B50098230F /* FeedViewController.swift in Sources */,
				883FE3662677F1490098230F /* SceneDelegate.swift in Sources */,
				883FE38A2677F5E10098230F /* SettingsViewController.swift in Sources */,
			);
			runOnlyForDeploymentPostprocessing = 0;
		};
/* End PBXSourcesBuildPhase section */

/* Begin PBXVariantGroup section */
		883FE3692677F1490098230F /* Main.storyboard */ = {
			isa = PBXVariantGroup;
			children = (
				883FE36A2677F1490098230F /* Base */,
			);
			name = Main.storyboard;
			sourceTree = "<group>";
		};
		883FE36E2677F1490098230F /* LaunchScreen.storyboard */ = {
			isa = PBXVariantGroup;
			children = (
				883FE36F2677F1490098230F /* Base */,
			);
			name = LaunchScreen.storyboard;
			sourceTree = "<group>";
		};
/* End PBXVariantGroup section */

/* Begin XCBuildConfiguration section */
		883FE3722677F1490098230F /* Debug */ = {
			isa = XCBuildConfiguration;
			buildSettings = {
				ALWAYS_SEARCH_USER_PATHS = NO;
				CLANG_ANALYZER_NONNULL = YES;
				CLANG_ANALYZER_NUMBER_OBJECT_CONVERSION = YES_AGGRESSIVE;
				CLANG_CXX_LANGUAGE_STANDARD = "gnu++14";
				CLANG_CXX_LIBRARY = "libc++";
				CLANG_ENABLE_MODULES = YES;
				CLANG_ENABLE_OBJC_ARC = YES;
				CLANG_ENABLE_OBJC_WEAK = YES;
				CLANG_WARN_BLOCK_CAPTURE_AUTORELEASING = YES;
				CLANG_WARN_BOOL_CONVERSION = YES;
				CLANG_WARN_COMMA = YES;
				CLANG_WARN_CONSTANT_CONVERSION = YES;
				CLANG_WARN_DEPRECATED_OBJC_IMPLEMENTATIONS = YES;
				CLANG_WARN_DIRECT_OBJC_ISA_USAGE = YES_ERROR;
				CLANG_WARN_DOCUMENTATION_COMMENTS = YES;
				CLANG_WARN_EMPTY_BODY = YES;
				CLANG_WARN_ENUM_CONVERSION = YES;
				CLANG_WARN_INFINITE_RECURSION = YES;
				CLANG_WARN_INT_CONVERSION = YES;
				CLANG_WARN_NON_LITERAL_NULL_CONVERSION = YES;
				CLANG_WARN_OBJC_IMPLICIT_RETAIN_SELF = YES;
				CLANG_WARN_OBJC_LITERAL_CONVERSION = YES;
				CLANG_WARN_OBJC_ROOT_CLASS = YES_ERROR;
				CLANG_WARN_QUOTED_INCLUDE_IN_FRAMEWORK_HEADER = YES;
				CLANG_WARN_RANGE_LOOP_ANALYSIS = YES;
				CLANG_WARN_STRICT_PROTOTYPES = YES;
				CLANG_WARN_SUSPICIOUS_MOVE = YES;
				CLANG_WARN_UNGUARDED_AVAILABILITY = YES_AGGRESSIVE;
				CLANG_WARN_UNREACHABLE_CODE = YES;
				CLANG_WARN__DUPLICATE_METHOD_MATCH = YES;
				COPY_PHASE_STRIP = NO;
				DEBUG_INFORMATION_FORMAT = dwarf;
				ENABLE_STRICT_OBJC_MSGSEND = YES;
				ENABLE_TESTABILITY = YES;
				GCC_C_LANGUAGE_STANDARD = gnu11;
				GCC_DYNAMIC_NO_PIC = NO;
				GCC_NO_COMMON_BLOCKS = YES;
				GCC_OPTIMIZATION_LEVEL = 0;
				GCC_PREPROCESSOR_DEFINITIONS = (
					"DEBUG=1",
					"$(inherited)",
				);
				GCC_WARN_64_TO_32_BIT_CONVERSION = YES;
				GCC_WARN_ABOUT_RETURN_TYPE = YES_ERROR;
				GCC_WARN_UNDECLARED_SELECTOR = YES;
				GCC_WARN_UNINITIALIZED_AUTOS = YES_AGGRESSIVE;
				GCC_WARN_UNUSED_FUNCTION = YES;
				GCC_WARN_UNUSED_VARIABLE = YES;
				IPHONEOS_DEPLOYMENT_TARGET = 14.5;
				MTL_ENABLE_DEBUG_INFO = INCLUDE_SOURCE;
				MTL_FAST_MATH = YES;
				ONLY_ACTIVE_ARCH = YES;
				SDKROOT = iphoneos;
				SWIFT_ACTIVE_COMPILATION_CONDITIONS = DEBUG;
				SWIFT_OPTIMIZATION_LEVEL = "-Onone";
			};
			name = Debug;
		};
		883FE3732677F1490098230F /* Release */ = {
			isa = XCBuildConfiguration;
			buildSettings = {
				ALWAYS_SEARCH_USER_PATHS = NO;
				CLANG_ANALYZER_NONNULL = YES;
				CLANG_ANALYZER_NUMBER_OBJECT_CONVERSION = YES_AGGRESSIVE;
				CLANG_CXX_LANGUAGE_STANDARD = "gnu++14";
				CLANG_CXX_LIBRARY = "libc++";
				CLANG_ENABLE_MODULES = YES;
				CLANG_ENABLE_OBJC_ARC = YES;
				CLANG_ENABLE_OBJC_WEAK = YES;
				CLANG_WARN_BLOCK_CAPTURE_AUTORELEASING = YES;
				CLANG_WARN_BOOL_CONVERSION = YES;
				CLANG_WARN_COMMA = YES;
				CLANG_WARN_CONSTANT_CONVERSION = YES;
				CLANG_WARN_DEPRECATED_OBJC_IMPLEMENTATIONS = YES;
				CLANG_WARN_DIRECT_OBJC_ISA_USAGE = YES_ERROR;
				CLANG_WARN_DOCUMENTATION_COMMENTS = YES;
				CLANG_WARN_EMPTY_BODY = YES;
				CLANG_WARN_ENUM_CONVERSION = YES;
				CLANG_WARN_INFINITE_RECURSION = YES;
				CLANG_WARN_INT_CONVERSION = YES;
				CLANG_WARN_NON_LITERAL_NULL_CONVERSION = YES;
				CLANG_WARN_OBJC_IMPLICIT_RETAIN_SELF = YES;
				CLANG_WARN_OBJC_LITERAL_CONVERSION = YES;
				CLANG_WARN_OBJC_ROOT_CLASS = YES_ERROR;
				CLANG_WARN_QUOTED_INCLUDE_IN_FRAMEWORK_HEADER = YES;
				CLANG_WARN_RANGE_LOOP_ANALYSIS = YES;
				CLANG_WARN_STRICT_PROTOTYPES = YES;
				CLANG_WARN_SUSPICIOUS_MOVE = YES;
				CLANG_WARN_UNGUARDED_AVAILABILITY = YES_AGGRESSIVE;
				CLANG_WARN_UNREACHABLE_CODE = YES;
				CLANG_WARN__DUPLICATE_METHOD_MATCH = YES;
				COPY_PHASE_STRIP = NO;
				DEBUG_INFORMATION_FORMAT = "dwarf-with-dsym";
				ENABLE_NS_ASSERTIONS = NO;
				ENABLE_STRICT_OBJC_MSGSEND = YES;
				GCC_C_LANGUAGE_STANDARD = gnu11;
				GCC_NO_COMMON_BLOCKS = YES;
				GCC_WARN_64_TO_32_BIT_CONVERSION = YES;
				GCC_WARN_ABOUT_RETURN_TYPE = YES_ERROR;
				GCC_WARN_UNDECLARED_SELECTOR = YES;
				GCC_WARN_UNINITIALIZED_AUTOS = YES_AGGRESSIVE;
				GCC_WARN_UNUSED_FUNCTION = YES;
				GCC_WARN_UNUSED_VARIABLE = YES;
				IPHONEOS_DEPLOYMENT_TARGET = 14.5;
				MTL_ENABLE_DEBUG_INFO = NO;
				MTL_FAST_MATH = YES;
				SDKROOT = iphoneos;
				SWIFT_COMPILATION_MODE = wholemodule;
				SWIFT_OPTIMIZATION_LEVEL = "-O";
				VALIDATE_PRODUCT = YES;
			};
			name = Release;
		};
		883FE3752677F1490098230F /* Debug */ = {
			isa = XCBuildConfiguration;
			buildSettings = {
				ASSETCATALOG_COMPILER_APPICON_NAME = AppIcon;
				ASSETCATALOG_COMPILER_GLOBAL_ACCENT_COLOR_NAME = AccentColor;
				CODE_SIGN_STYLE = Automatic;
				DEVELOPMENT_TEAM = 7772ZUX4ZL;
				INFOPLIST_FILE = InstaClone/Info.plist;
				LD_RUNPATH_SEARCH_PATHS = (
					"$(inherited)",
					"@executable_path/Frameworks",
				);
				PRODUCT_BUNDLE_IDENTIFIER = com.josh.InstaClone;
				PRODUCT_NAME = "$(TARGET_NAME)";
				SWIFT_VERSION = 5.0;
				TARGETED_DEVICE_FAMILY = "1,2";
			};
			name = Debug;
		};
		883FE3762677F1490098230F /* Release */ = {
			isa = XCBuildConfiguration;
			buildSettings = {
				ASSETCATALOG_COMPILER_APPICON_NAME = AppIcon;
				ASSETCATALOG_COMPILER_GLOBAL_ACCENT_COLOR_NAME = AccentColor;
				CODE_SIGN_STYLE = Automatic;
				DEVELOPMENT_TEAM = 7772ZUX4ZL;
				INFOPLIST_FILE = InstaClone/Info.plist;
				LD_RUNPATH_SEARCH_PATHS = (
					"$(inherited)",
					"@executable_path/Frameworks",
				);
				PRODUCT_BUNDLE_IDENTIFIER = com.josh.InstaClone;
				PRODUCT_NAME = "$(TARGET_NAME)";
				SWIFT_VERSION = 5.0;
				TARGETED_DEVICE_FAMILY = "1,2";
			};
			name = Release;
		};
/* End XCBuildConfiguration section */

/* Begin XCConfigurationList section */
		883FE35B2677F1490098230F /* Build configuration list for PBXProject "InstaClone" */ = {
			isa = XCConfigurationList;
			buildConfigurations = (
				883FE3722677F1490098230F /* Debug */,
				883FE3732677F1490098230F /* Release */,
			);
			defaultConfigurationIsVisible = 0;
			defaultConfigurationName = Release;
		};
		883FE3742677F1490098230F /* Build configuration list for PBXNativeTarget "InstaClone" */ = {
			isa = XCConfigurationList;
			buildConfigurations = (
				883FE3752677F1490098230F /* Debug */,
				883FE3762677F1490098230F /* Release */,
			);
			defaultConfigurationIsVisible = 0;
			defaultConfigurationName = Release;
		};
/* End XCConfigurationList section */

/* Begin XCRemoteSwiftPackageReference section */
		883FE3772677F17E0098230F /* XCRemoteSwiftPackageReference "firebase-ios-sdk" */ = {
			isa = XCRemoteSwiftPackageReference;
			repositoryURL = "https://github.com/firebase/firebase-ios-sdk.git";
			requirement = {
				kind = upToNextMajorVersion;
				minimumVersion = 8.1.1;
			};
		};
/* End XCRemoteSwiftPackageReference section */

/* Begin XCSwiftPackageProductDependency section */
		883FE3782677F17E0098230F /* FirebaseAnalytics */ = {
			isa = XCSwiftPackageProductDependency;
			package = 883FE3772677F17E0098230F /* XCRemoteSwiftPackageReference "firebase-ios-sdk" */;
			productName = FirebaseAnalytics;
		};
		883FE37A2677F17E0098230F /* FirebaseStorage */ = {
			isa = XCSwiftPackageProductDependency;
			package = 883FE3772677F17E0098230F /* XCRemoteSwiftPackageReference "firebase-ios-sdk" */;
			productName = FirebaseStorage;
		};
		883FE37C2677F17E0098230F /* FirebaseAuth */ = {
			isa = XCSwiftPackageProductDependency;
			package = 883FE3772677F17E0098230F /* XCRemoteSwiftPackageReference "firebase-ios-sdk" */;
			productName = FirebaseAuth;
		};
		883FE37E2677F17E0098230F /* FirebaseAppCheck */ = {
			isa = XCSwiftPackageProductDependency;
			package = 883FE3772677F17E0098230F /* XCRemoteSwiftPackageReference "firebase-ios-sdk" */;
			productName = FirebaseAppCheck;
		};
		883FE3802677F17E0098230F /* FirebaseDatabase */ = {
			isa = XCSwiftPackageProductDependency;
			package = 883FE3772677F17E0098230F /* XCRemoteSwiftPackageReference "firebase-ios-sdk" */;
			productName = FirebaseDatabase;
		};
/* End XCSwiftPackageProductDependency section */
	};
	rootObject = 883FE3582677F1490098230F /* Project object */;
}
