// !$*UTF8*$!
{
	archiveVersion = 1;
	classes = {
	};
	objectVersion = 50;
	objects = {

/* Begin PBXBuildFile section */
		8826A15726ACA22500FC0D5C /* AppDelegate.swift in Sources */ = {isa = PBXBuildFile; fileRef = 8826A15626ACA22500FC0D5C /* AppDelegate.swift */; };
		8826A15926ACA22500FC0D5C /* SceneDelegate.swift in Sources */ = {isa = PBXBuildFile; fileRef = 8826A15826ACA22500FC0D5C /* SceneDelegate.swift */; };
		8826A15B26ACA22500FC0D5C /* ViewController.swift in Sources */ = {isa = PBXBuildFile; fileRef = 8826A15A26ACA22500FC0D5C /* ViewController.swift */; };
		8826A15E26ACA22500FC0D5C /* Main.storyboard in Resources */ = {isa = PBXBuildFile; fileRef = 8826A15C26ACA22500FC0D5C /* Main.storyboard */; };
		8826A16026ACA22500FC0D5C /* Assets.xcassets in Resources */ = {isa = PBXBuildFile; fileRef = 8826A15F26ACA22500FC0D5C /* Assets.xcassets */; };
		8826A16326ACA22500FC0D5C /* LaunchScreen.storyboard in Resources */ = {isa = PBXBuildFile; fileRef = 8826A16126ACA22500FC0D5C /* LaunchScreen.storyboard */; };
		8826A16B26ACA61F00FC0D5C /* MovieCellVC.swift in Sources */ = {isa = PBXBuildFile; fileRef = 8826A16A26ACA61F00FC0D5C /* MovieCellVC.swift */; };
		8826A16D26ACADD500FC0D5C /* MovieModel.swift in Sources */ = {isa = PBXBuildFile; fileRef = 8826A16C26ACADD500FC0D5C /* MovieModel.swift */; };
/* End PBXBuildFile section */

/* Begin PBXFileReference section */
		8826A15326ACA22500FC0D5C /* CollectionViewUIKitSample.app */ = {isa = PBXFileReference; explicitFileType = wrapper.application; includeInIndex = 0; path = CollectionViewUIKitSample.app; sourceTree = BUILT_PRODUCTS_DIR; };
		8826A15626ACA22500FC0D5C /* AppDelegate.swift */ = {isa = PBXFileReference; lastKnownFileType = sourcecode.swift; path = AppDelegate.swift; sourceTree = "<group>"; };
		8826A15826ACA22500FC0D5C /* SceneDelegate.swift */ = {isa = PBXFileReference; lastKnownFileType = sourcecode.swift; path = SceneDelegate.swift; sourceTree = "<group>"; };
		8826A15A26ACA22500FC0D5C /* ViewController.swift */ = {isa = PBXFileReference; lastKnownFileType = sourcecode.swift; path = ViewController.swift; sourceTree = "<group>"; };
		8826A15D26ACA22500FC0D5C /* Base */ = {isa = PBXFileReference; lastKnownFileType = file.storyboard; name = Base; path = Base.lproj/Main.storyboard; sourceTree = "<group>"; };
		8826A15F26ACA22500FC0D5C /* Assets.xcassets */ = {isa = PBXFileReference; lastKnownFileType = folder.assetcatalog; path = Assets.xcassets; sourceTree = "<group>"; };
		8826A16226ACA22500FC0D5C /* Base */ = {isa = PBXFileReference; lastKnownFileType = file.storyboard; name = Base; path = Base.lproj/LaunchScreen.storyboard; sourceTree = "<group>"; };
		8826A16426ACA22500FC0D5C /* Info.plist */ = {isa = PBXFileReference; lastKnownFileType = text.plist.xml; path = Info.plist; sourceTree = "<group>"; };
		8826A16A26ACA61F00FC0D5C /* MovieCellVC.swift */ = {isa = PBXFileReference; lastKnownFileType = sourcecode.swift; path = MovieCellVC.swift; sourceTree = "<group>"; };
		8826A16C26ACADD500FC0D5C /* MovieModel.swift */ = {isa = PBXFileReference; lastKnownFileType = sourcecode.swift; path = MovieModel.swift; sourceTree = "<group>"; };
/* End PBXFileReference section */

/* Begin PBXFrameworksBuildPhase section */
		8826A15026ACA22500FC0D5C /* Frameworks */ = {
			isa = PBXFrameworksBuildPhase;
			buildActionMask = 2147483647;
			files = (
			);
			runOnlyForDeploymentPostprocessing = 0;
		};
/* End PBXFrameworksBuildPhase section */

/* Begin PBXGroup section */
		8826A14A26ACA22500FC0D5C = {
			isa = PBXGroup;
			children = (
				8826A15526ACA22500FC0D5C /* CollectionViewUIKitSample */,
				8826A15426ACA22500FC0D5C /* Products */,
			);
			sourceTree = "<group>";
		};
		8826A15426ACA22500FC0D5C /* Products */ = {
			isa = PBXGroup;
			children = (
				8826A15326ACA22500FC0D5C /* CollectionViewUIKitSample.app */,
			);
			name = Products;
			sourceTree = "<group>";
		};
		8826A15526ACA22500FC0D5C /* CollectionViewUIKitSample */ = {
			isa = PBXGroup;
			children = (
				8826A15626ACA22500FC0D5C /* AppDelegate.swift */,
				8826A15826ACA22500FC0D5C /* SceneDelegate.swift */,
				8826A15A26ACA22500FC0D5C /* ViewController.swift */,
				8826A15C26ACA22500FC0D5C /* Main.storyboard */,
				8826A15F26ACA22500FC0D5C /* Assets.xcassets */,
				8826A16126ACA22500FC0D5C /* LaunchScreen.storyboard */,
				8826A16426ACA22500FC0D5C /* Info.plist */,
				8826A16A26ACA61F00FC0D5C /* MovieCellVC.swift */,
				8826A16C26ACADD500FC0D5C /* MovieModel.swift */,
			);
			path = CollectionViewUIKitSample;
			sourceTree = "<group>";
		};
/* End PBXGroup section */

/* Begin PBXNativeTarget section */
		8826A15226ACA22500FC0D5C /* CollectionViewUIKitSample */ = {
			isa = PBXNativeTarget;
			buildConfigurationList = 8826A16726ACA22500FC0D5C /* Build configuration list for PBXNativeTarget "CollectionViewUIKitSample" */;
			buildPhases = (
				8826A14F26ACA22500FC0D5C /* Sources */,
				8826A15026ACA22500FC0D5C /* Frameworks */,
				8826A15126ACA22500FC0D5C /* Resources */,
			);
			buildRules = (
			);
			dependencies = (
			);
			name = CollectionViewUIKitSample;
			productName = CollectionViewUIKitSample;
			productReference = 8826A15326ACA22500FC0D5C /* CollectionViewUIKitSample.app */;
			productType = "com.apple.product-type.application";
		};
/* End PBXNativeTarget section */

/* Begin PBXProject section */
		8826A14B26ACA22500FC0D5C /* Project object */ = {
			isa = PBXProject;
			attributes = {
				LastSwiftUpdateCheck = 1250;
				LastUpgradeCheck = 1250;
				TargetAttributes = {
					8826A15226ACA22500FC0D5C = {
						CreatedOnToolsVersion = 12.5.1;
					};
				};
			};
			buildConfigurationList = 8826A14E26ACA22500FC0D5C /* Build configuration list for PBXProject "CollectionViewUIKitSample" */;
			compatibilityVersion = "Xcode 9.3";
			developmentRegion = en;
			hasScannedForEncodings = 0;
			knownRegions = (
				en,
				Base,
			);
			mainGroup = 8826A14A26ACA22500FC0D5C;
			productRefGroup = 8826A15426ACA22500FC0D5C /* Products */;
			projectDirPath = "";
			projectRoot = "";
			targets = (
				8826A15226ACA22500FC0D5C /* CollectionViewUIKitSample */,
			);
		};
/* End PBXProject section */

/* Begin PBXResourcesBuildPhase section */
		8826A15126ACA22500FC0D5C /* Resources */ = {
			isa = PBXResourcesBuildPhase;
			buildActionMask = 2147483647;
			files = (
				8826A16326ACA22500FC0D5C /* LaunchScreen.storyboard in Resources */,
				8826A16026ACA22500FC0D5C /* Assets.xcassets in Resources */,
				8826A15E26ACA22500FC0D5C /* Main.storyboard in Resources */,
			);
			runOnlyForDeploymentPostprocessing = 0;
		};
/* End PBXResourcesBuildPhase section */

/* Begin PBXSourcesBuildPhase section */
		8826A14F26ACA22500FC0D5C /* Sources */ = {
			isa = PBXSourcesBuildPhase;
			buildActionMask = 2147483647;
			files = (
				8826A15B26ACA22500FC0D5C /* ViewController.swift in Sources */,
				8826A16B26ACA61F00FC0D5C /* MovieCellVC.swift in Sources */,
				8826A16D26ACADD500FC0D5C /* MovieModel.swift in Sources */,
				8826A15726ACA22500FC0D5C /* AppDelegate.swift in Sources */,
				8826A15926ACA22500FC0D5C /* SceneDelegate.swift in Sources */,
			);
			runOnlyForDeploymentPostprocessing = 0;
		};
/* End PBXSourcesBuildPhase section */

/* Begin PBXVariantGroup section */
		8826A15C26ACA22500FC0D5C /* Main.storyboard */ = {
			isa = PBXVariantGroup;
			children = (
				8826A15D26ACA22500FC0D5C /* Base */,
			);
			name = Main.storyboard;
			sourceTree = "<group>";
		};
		8826A16126ACA22500FC0D5C /* LaunchScreen.storyboard */ = {
			isa = PBXVariantGroup;
			children = (
				8826A16226ACA22500FC0D5C /* Base */,
			);
			name = LaunchScreen.storyboard;
			sourceTree = "<group>";
		};
/* End PBXVariantGroup section */

/* Begin XCBuildConfiguration section */
		8826A16526ACA22500FC0D5C /* Debug */ = {
			isa = XCBuildConfiguration;
			buildSettings = {
				ALWAYS_SEARCH_USER_PATHS = NO;
				CLANG_ANALYZER_NONNULL = YES;
				CLANG_ANALYZER_NUMBER_OBJECT_CONVERSION = YES_AGGRESSIVE;
				CLANG_CXX_LANGUAGE_STANDARD = "gnu++14";
				CLANG_CXX_LIBRARY = "libc++";
				CLANG_ENABLE_MODULES = YES;
				CLANG_ENABLE_OBJC_ARC = YES;
				CLANG_ENABLE_OBJC_WEAK = YES;
				CLANG_WARN_BLOCK_CAPTURE_AUTORELEASING = YES;
				CLANG_WARN_BOOL_CONVERSION = YES;
				CLANG_WARN_COMMA = YES;
				CLANG_WARN_CONSTANT_CONVERSION = YES;
				CLANG_WARN_DEPRECATED_OBJC_IMPLEMENTATIONS = YES;
				CLANG_WARN_DIRECT_OBJC_ISA_USAGE = YES_ERROR;
				CLANG_WARN_DOCUMENTATION_COMMENTS = YES;
				CLANG_WARN_EMPTY_BODY = YES;
				CLANG_WARN_ENUM_CONVERSION = YES;
				CLANG_WARN_INFINITE_RECURSION = YES;
				CLANG_WARN_INT_CONVERSION = YES;
				CLANG_WARN_NON_LITERAL_NULL_CONVERSION = YES;
				CLANG_WARN_OBJC_IMPLICIT_RETAIN_SELF = YES;
				CLANG_WARN_OBJC_LITERAL_CONVERSION = YES;
				CLANG_WARN_OBJC_ROOT_CLASS = YES_ERROR;
				CLANG_WARN_QUOTED_INCLUDE_IN_FRAMEWORK_HEADER = YES;
				CLANG_WARN_RANGE_LOOP_ANALYSIS = YES;
				CLANG_WARN_STRICT_PROTOTYPES = YES;
				CLANG_WARN_SUSPICIOUS_MOVE = YES;
				CLANG_WARN_UNGUARDED_AVAILABILITY = YES_AGGRESSIVE;
				CLANG_WARN_UNREACHABLE_CODE = YES;
				CLANG_WARN__DUPLICATE_METHOD_MATCH = YES;
				COPY_PHASE_STRIP = NO;
				DEBUG_INFORMATION_FORMAT = dwarf;
				ENABLE_STRICT_OBJC_MSGSEND = YES;
				ENABLE_TESTABILITY = YES;
				GCC_C_LANGUAGE_STANDARD = gnu11;
				GCC_DYNAMIC_NO_PIC = NO;
				GCC_NO_COMMON_BLOCKS = YES;
				GCC_OPTIMIZATION_LEVEL = 0;
				GCC_PREPROCESSOR_DEFINITIONS = (
					"DEBUG=1",
					"$(inherited)",
				);
				GCC_WARN_64_TO_32_BIT_CONVERSION = YES;
				GCC_WARN_ABOUT_RETURN_TYPE = YES_ERROR;
				GCC_WARN_UNDECLARED_SELECTOR = YES;
				GCC_WARN_UNINITIALIZED_AUTOS = YES_AGGRESSIVE;
				GCC_WARN_UNUSED_FUNCTION = YES;
				GCC_WARN_UNUSED_VARIABLE = YES;
				IPHONEOS_DEPLOYMENT_TARGET = 14.5;
				MTL_ENABLE_DEBUG_INFO = INCLUDE_SOURCE;
				MTL_FAST_MATH = YES;
				ONLY_ACTIVE_ARCH = YES;
				SDKROOT = iphoneos;
				SWIFT_ACTIVE_COMPILATION_CONDITIONS = DEBUG;
				SWIFT_OPTIMIZATION_LEVEL = "-Onone";
			};
			name = Debug;
		};
		8826A16626ACA22500FC0D5C /* Release */ = {
			isa = XCBuildConfiguration;
			buildSettings = {
				ALWAYS_SEARCH_USER_PATHS = NO;
				CLANG_ANALYZER_NONNULL = YES;
				CLANG_ANALYZER_NUMBER_OBJECT_CONVERSION = YES_AGGRESSIVE;
				CLANG_CXX_LANGUAGE_STANDARD = "gnu++14";
				CLANG_CXX_LIBRARY = "libc++";
				CLANG_ENABLE_MODULES = YES;
				CLANG_ENABLE_OBJC_ARC = YES;
				CLANG_ENABLE_OBJC_WEAK = YES;
				CLANG_WARN_BLOCK_CAPTURE_AUTORELEASING = YES;
				CLANG_WARN_BOOL_CONVERSION = YES;
				CLANG_WARN_COMMA = YES;
				CLANG_WARN_CONSTANT_CONVERSION = YES;
				CLANG_WARN_DEPRECATED_OBJC_IMPLEMENTATIONS = YES;
				CLANG_WARN_DIRECT_OBJC_ISA_USAGE = YES_ERROR;
				CLANG_WARN_DOCUMENTATION_COMMENTS = YES;
				CLANG_WARN_EMPTY_BODY = YES;
				CLANG_WARN_ENUM_CONVERSION = YES;
				CLANG_WARN_INFINITE_RECURSION = YES;
				CLANG_WARN_INT_CONVERSION = YES;
				CLANG_WARN_NON_LITERAL_NULL_CONVERSION = YES;
				CLANG_WARN_OBJC_IMPLICIT_RETAIN_SELF = YES;
				CLANG_WARN_OBJC_LITERAL_CONVERSION = YES;
				CLANG_WARN_OBJC_ROOT_CLASS = YES_ERROR;
				CLANG_WARN_QUOTED_INCLUDE_IN_FRAMEWORK_HEADER = YES;
				CLANG_WARN_RANGE_LOOP_ANALYSIS = YES;
				CLANG_WARN_STRICT_PROTOTYPES = YES;
				CLANG_WARN_SUSPICIOUS_MOVE = YES;
				CLANG_WARN_UNGUARDED_AVAILABILITY = YES_AGGRESSIVE;
				CLANG_WARN_UNREACHABLE_CODE = YES;
				CLANG_WARN__DUPLICATE_METHOD_MATCH = YES;
				COPY_PHASE_STRIP = NO;
				DEBUG_INFORMATION_FORMAT = "dwarf-with-dsym";
				ENABLE_NS_ASSERTIONS = NO;
				ENABLE_STRICT_OBJC_MSGSEND = YES;
				GCC_C_LANGUAGE_STANDARD = gnu11;
				GCC_NO_COMMON_BLOCKS = YES;
				GCC_WARN_64_TO_32_BIT_CONVERSION = YES;
				GCC_WARN_ABOUT_RETURN_TYPE = YES_ERROR;
				GCC_WARN_UNDECLARED_SELECTOR = YES;
				GCC_WARN_UNINITIALIZED_AUTOS = YES_AGGRESSIVE;
				GCC_WARN_UNUSED_FUNCTION = YES;
				GCC_WARN_UNUSED_VARIABLE = YES;
				IPHONEOS_DEPLOYMENT_TARGET = 14.5;
				MTL_ENABLE_DEBUG_INFO = NO;
				MTL_FAST_MATH = YES;
				SDKROOT = iphoneos;
				SWIFT_COMPILATION_MODE = wholemodule;
				SWIFT_OPTIMIZATION_LEVEL = "-O";
				VALIDATE_PRODUCT = YES;
			};
			name = Release;
		};
		8826A16826ACA22500FC0D5C /* Debug */ = {
			isa = XCBuildConfiguration;
			buildSettings = {
				ASSETCATALOG_COMPILER_APPICON_NAME = AppIcon;
				ASSETCATALOG_COMPILER_GLOBAL_ACCENT_COLOR_NAME = AccentColor;
				CODE_SIGN_STYLE = Automatic;
				DEVELOPMENT_TEAM = 7772ZUX4ZL;
				INFOPLIST_FILE = CollectionViewUIKitSample/Info.plist;
				LD_RUNPATH_SEARCH_PATHS = (
					"$(inherited)",
					"@executable_path/Frameworks",
				);
				PRODUCT_BUNDLE_IDENTIFIER = com.josh.CollectionViewUIKitSample;
				PRODUCT_NAME = "$(TARGET_NAME)";
				SWIFT_VERSION = 5.0;
				TARGETED_DEVICE_FAMILY = "1,2";
			};
			name = Debug;
		};
		8826A16926ACA22500FC0D5C /* Release */ = {
			isa = XCBuildConfiguration;
			buildSettings = {
				ASSETCATALOG_COMPILER_APPICON_NAME = AppIcon;
				ASSETCATALOG_COMPILER_GLOBAL_ACCENT_COLOR_NAME = AccentColor;
				CODE_SIGN_STYLE = Automatic;
				DEVELOPMENT_TEAM = 7772ZUX4ZL;
				INFOPLIST_FILE = CollectionViewUIKitSample/Info.plist;
				LD_RUNPATH_SEARCH_PATHS = (
					"$(inherited)",
					"@executable_path/Frameworks",
				);
				PRODUCT_BUNDLE_IDENTIFIER = com.josh.CollectionViewUIKitSample;
				PRODUCT_NAME = "$(TARGET_NAME)";
				SWIFT_VERSION = 5.0;
				TARGETED_DEVICE_FAMILY = "1,2";
			};
			name = Release;
		};
/* End XCBuildConfiguration section */

/* Begin XCConfigurationList section */
		8826A14E26ACA22500FC0D5C /* Build configuration list for PBXProject "CollectionViewUIKitSample" */ = {
			isa = XCConfigurationList;
			buildConfigurations = (
				8826A16526ACA22500FC0D5C /* Debug */,
				8826A16626ACA22500FC0D5C /* Release */,
			);
			defaultConfigurationIsVisible = 0;
			defaultConfigurationName = Release;
		};
		8826A16726ACA22500FC0D5C /* Build configuration list for PBXNativeTarget "CollectionViewUIKitSample" */ = {
			isa = XCConfigurationList;
			buildConfigurations = (
				8826A16826ACA22500FC0D5C /* Debug */,
				8826A16926ACA22500FC0D5C /* Release */,
			);
			defaultConfigurationIsVisible = 0;
			defaultConfigurationName = Release;
		};
/* End XCConfigurationList section */
	};
	rootObject = 8826A14B26ACA22500FC0D5C /* Project object */;
}
